// !$*UTF8*$!
{
	archiveVersion = 1;
	classes = {
	};
	objectVersion = 46;
	objects = {

/* Begin PBXBuildFile section */
		5A1E05621F55A7F700C9DBA1 /* JFMeCell.swift in Sources */ = {isa = PBXBuildFile; fileRef = 5A1E05611F55A7F700C9DBA1 /* JFMeCell.swift */; };
		A3A52610497E2CB4270346AB /* Pods_JFMeiTuan_Swift.framework in Frameworks */ = {isa = PBXBuildFile; fileRef = 43F80F970124B124F7B8BB43 /* Pods_JFMeiTuan_Swift.framework */; };
		E81B50FF1F692A8F002EA405 /* JFHomeTotalCassCell.swift in Sources */ = {isa = PBXBuildFile; fileRef = E81B50FE1F692A8F002EA405 /* JFHomeTotalCassCell.swift */; };
		E81B51011F692AF1002EA405 /* JFHomeActivityCell.swift in Sources */ = {isa = PBXBuildFile; fileRef = E81B51001F692AF1002EA405 /* JFHomeActivityCell.swift */; };
		E81B51031F692B36002EA405 /* JFHomeTipCell.swift in Sources */ = {isa = PBXBuildFile; fileRef = E81B51021F692B36002EA405 /* JFHomeTipCell.swift */; };
		E81B51051F692B69002EA405 /* JFHomeNormalCell.swift in Sources */ = {isa = PBXBuildFile; fileRef = E81B51041F692B69002EA405 /* JFHomeNormalCell.swift */; };
		E81B51071F692E74002EA405 /* JFAdvertisingCell.swift in Sources */ = {isa = PBXBuildFile; fileRef = E81B51061F692E74002EA405 /* JFAdvertisingCell.swift */; };
		E81B51091F692F06002EA405 /* JFHomeLuckyDrawCell.swift in Sources */ = {isa = PBXBuildFile; fileRef = E81B51081F692F06002EA405 /* JFHomeLuckyDrawCell.swift */; };
		E874E1B51F4E91BA003A29B1 /* AppDelegate.swift in Sources */ = {isa = PBXBuildFile; fileRef = E874E1B41F4E91BA003A29B1 /* AppDelegate.swift */; };
		E874E1B71F4E91BA003A29B1 /* ViewController.swift in Sources */ = {isa = PBXBuildFile; fileRef = E874E1B61F4E91BA003A29B1 /* ViewController.swift */; };
		E874E1BA1F4E91BA003A29B1 /* Main.storyboard in Resources */ = {isa = PBXBuildFile; fileRef = E874E1B81F4E91BA003A29B1 /* Main.storyboard */; };
		E874E1BC1F4E91BA003A29B1 /* Assets.xcassets in Resources */ = {isa = PBXBuildFile; fileRef = E874E1BB1F4E91BA003A29B1 /* Assets.xcassets */; };
		E874E1BF1F4E91BA003A29B1 /* LaunchScreen.storyboard in Resources */ = {isa = PBXBuildFile; fileRef = E874E1BD1F4E91BA003A29B1 /* LaunchScreen.storyboard */; };
		E874E2071F552CAB003A29B1 /* JFBaseNacigationController.swift in Sources */ = {isa = PBXBuildFile; fileRef = E874E2041F552CAB003A29B1 /* JFBaseNacigationController.swift */; };
		E874E2081F552CAB003A29B1 /* JFBaseTabBarController.swift in Sources */ = {isa = PBXBuildFile; fileRef = E874E2051F552CAB003A29B1 /* JFBaseTabBarController.swift */; };
		E874E2091F552CAB003A29B1 /* JFBaseViewController.swift in Sources */ = {isa = PBXBuildFile; fileRef = E874E2061F552CAB003A29B1 /* JFBaseViewController.swift */; };
		E874E20B1F552D01003A29B1 /* JFNearViewController.swift in Sources */ = {isa = PBXBuildFile; fileRef = E874E20A1F552D01003A29B1 /* JFNearViewController.swift */; };
		E874E20F1F552D1D003A29B1 /* JFOrderViewController.swift in Sources */ = {isa = PBXBuildFile; fileRef = E874E20E1F552D1D003A29B1 /* JFOrderViewController.swift */; };
		E874E2111F552D26003A29B1 /* JFMeViewController.swift in Sources */ = {isa = PBXBuildFile; fileRef = E874E2101F552D26003A29B1 /* JFMeViewController.swift */; };
		E874E2131F552D34003A29B1 /* JFwalkViewController.swift in Sources */ = {isa = PBXBuildFile; fileRef = E874E2121F552D34003A29B1 /* JFwalkViewController.swift */; };
		E874E2191F557EC9003A29B1 /* JFHomeViewController.swift in Sources */ = {isa = PBXBuildFile; fileRef = E874E2181F557EC9003A29B1 /* JFHomeViewController.swift */; };
		E874E21B1F5676D7003A29B1 /* JFMeHeaderCell.swift in Sources */ = {isa = PBXBuildFile; fileRef = E874E21A1F5676D7003A29B1 /* JFMeHeaderCell.swift */; };
		E874E21D1F567BD5003A29B1 /* JFListCell.swift in Sources */ = {isa = PBXBuildFile; fileRef = E874E21C1F567BD5003A29B1 /* JFListCell.swift */; };
		E874E2211F56A124003A29B1 /* JFMeListCellModel.swift in Sources */ = {isa = PBXBuildFile; fileRef = E874E2201F56A124003A29B1 /* JFMeListCellModel.swift */; };
		E874ECF91F590F40003A29B1 /* JFButton.swift in Sources */ = {isa = PBXBuildFile; fileRef = E874ECF81F590F40003A29B1 /* JFButton.swift */; };
		E874ED001F5D2AA5003A29B1 /* JFStyle.swift in Sources */ = {isa = PBXBuildFile; fileRef = E874ECFF1F5D2AA5003A29B1 /* JFStyle.swift */; };
		E874ED021F5D5704003A29B1 /* JFMeInfoModel.swift in Sources */ = {isa = PBXBuildFile; fileRef = E874ED011F5D5703003A29B1 /* JFMeInfoModel.swift */; };
		E874ED041F5D5F54003A29B1 /* JFMeModel.swift in Sources */ = {isa = PBXBuildFile; fileRef = E874ED031F5D5F54003A29B1 /* JFMeModel.swift */; };
		E8CF74C31FB19C8C00FE8F17 /* JFSDKKeyConst.swift in Sources */ = {isa = PBXBuildFile; fileRef = E8CF74C21FB19C8C00FE8F17 /* JFSDKKeyConst.swift */; };
		EAD1BCF62105C7F200309E86 /* JFMineViewController.swift in Sources */ = {isa = PBXBuildFile; fileRef = EAD1BCF42105C7F100309E86 /* JFMineViewController.swift */; };
		EAD1BCF72105C7F200309E86 /* JFMineViewController.xib in Resources */ = {isa = PBXBuildFile; fileRef = EAD1BCF52105C7F200309E86 /* JFMineViewController.xib */; };
		EAD1BCFA2105C9C800309E86 /* JFMineCell.swift in Sources */ = {isa = PBXBuildFile; fileRef = EAD1BCF82105C9C800309E86 /* JFMineCell.swift */; };
		EAD1BCFB2105C9C800309E86 /* JFMineCell.xib in Resources */ = {isa = PBXBuildFile; fileRef = EAD1BCF92105C9C800309E86 /* JFMineCell.xib */; };
		EAD1BCFE2105DB7800309E86 /* JFMineCollectionCell.swift in Sources */ = {isa = PBXBuildFile; fileRef = EAD1BCFC2105DB7800309E86 /* JFMineCollectionCell.swift */; };
		EAD1BCFF2105DB7800309E86 /* JFMineCollectionCell.xib in Resources */ = {isa = PBXBuildFile; fileRef = EAD1BCFD2105DB7800309E86 /* JFMineCollectionCell.xib */; };
/* End PBXBuildFile section */

/* Begin PBXFileReference section */
		411576AF5F919FB3E220C49B /* Pods-JFMeiTuan_Swift.debug.xcconfig */ = {isa = PBXFileReference; includeInIndex = 1; lastKnownFileType = text.xcconfig; name = "Pods-JFMeiTuan_Swift.debug.xcconfig"; path = "Pods/Target Support Files/Pods-JFMeiTuan_Swift/Pods-JFMeiTuan_Swift.debug.xcconfig"; sourceTree = "<group>"; };
		43F80F970124B124F7B8BB43 /* Pods_JFMeiTuan_Swift.framework */ = {isa = PBXFileReference; explicitFileType = wrapper.framework; includeInIndex = 0; path = Pods_JFMeiTuan_Swift.framework; sourceTree = BUILT_PRODUCTS_DIR; };
		5A1E05611F55A7F700C9DBA1 /* JFMeCell.swift */ = {isa = PBXFileReference; fileEncoding = 4; lastKnownFileType = sourcecode.swift; path = JFMeCell.swift; sourceTree = "<group>"; };
		6E9186FE1D2CDDA80244D864 /* Pods-JFMeiTuan_Swift.release.xcconfig */ = {isa = PBXFileReference; includeInIndex = 1; lastKnownFileType = text.xcconfig; name = "Pods-JFMeiTuan_Swift.release.xcconfig"; path = "Pods/Target Support Files/Pods-JFMeiTuan_Swift/Pods-JFMeiTuan_Swift.release.xcconfig"; sourceTree = "<group>"; };
		E81B50FE1F692A8F002EA405 /* JFHomeTotalCassCell.swift */ = {isa = PBXFileReference; fileEncoding = 4; lastKnownFileType = sourcecode.swift; path = JFHomeTotalCassCell.swift; sourceTree = "<group>"; };
		E81B51001F692AF1002EA405 /* JFHomeActivityCell.swift */ = {isa = PBXFileReference; fileEncoding = 4; lastKnownFileType = sourcecode.swift; path = JFHomeActivityCell.swift; sourceTree = "<group>"; };
		E81B51021F692B36002EA405 /* JFHomeTipCell.swift */ = {isa = PBXFileReference; fileEncoding = 4; lastKnownFileType = sourcecode.swift; path = JFHomeTipCell.swift; sourceTree = "<group>"; };
		E81B51041F692B69002EA405 /* JFHomeNormalCell.swift */ = {isa = PBXFileReference; fileEncoding = 4; lastKnownFileType = sourcecode.swift; path = JFHomeNormalCell.swift; sourceTree = "<group>"; };
		E81B51061F692E74002EA405 /* JFAdvertisingCell.swift */ = {isa = PBXFileReference; fileEncoding = 4; lastKnownFileType = sourcecode.swift; path = JFAdvertisingCell.swift; sourceTree = "<group>"; };
		E81B51081F692F06002EA405 /* JFHomeLuckyDrawCell.swift */ = {isa = PBXFileReference; fileEncoding = 4; lastKnownFileType = sourcecode.swift; path = JFHomeLuckyDrawCell.swift; sourceTree = "<group>"; };
		E874E1B11F4E91BA003A29B1 /* JFMeiTuan_Swift.app */ = {isa = PBXFileReference; explicitFileType = wrapper.application; includeInIndex = 0; path = JFMeiTuan_Swift.app; sourceTree = BUILT_PRODUCTS_DIR; };
		E874E1B41F4E91BA003A29B1 /* AppDelegate.swift */ = {isa = PBXFileReference; lastKnownFileType = sourcecode.swift; path = AppDelegate.swift; sourceTree = "<group>"; };
		E874E1B61F4E91BA003A29B1 /* ViewController.swift */ = {isa = PBXFileReference; lastKnownFileType = sourcecode.swift; path = ViewController.swift; sourceTree = "<group>"; };
		E874E1B91F4E91BA003A29B1 /* Base */ = {isa = PBXFileReference; lastKnownFileType = file.storyboard; name = Base; path = Base.lproj/Main.storyboard; sourceTree = "<group>"; };
		E874E1BB1F4E91BA003A29B1 /* Assets.xcassets */ = {isa = PBXFileReference; lastKnownFileType = folder.assetcatalog; path = Assets.xcassets; sourceTree = "<group>"; };
		E874E1BE1F4E91BA003A29B1 /* Base */ = {isa = PBXFileReference; lastKnownFileType = file.storyboard; name = Base; path = Base.lproj/LaunchScreen.storyboard; sourceTree = "<group>"; };
		E874E1C01F4E91BA003A29B1 /* Info.plist */ = {isa = PBXFileReference; lastKnownFileType = text.plist.xml; path = Info.plist; sourceTree = "<group>"; };
		E874E2041F552CAB003A29B1 /* JFBaseNacigationController.swift */ = {isa = PBXFileReference; fileEncoding = 4; lastKnownFileType = sourcecode.swift; path = JFBaseNacigationController.swift; sourceTree = "<group>"; };
		E874E2051F552CAB003A29B1 /* JFBaseTabBarController.swift */ = {isa = PBXFileReference; fileEncoding = 4; lastKnownFileType = sourcecode.swift; path = JFBaseTabBarController.swift; sourceTree = "<group>"; };
		E874E2061F552CAB003A29B1 /* JFBaseViewController.swift */ = {isa = PBXFileReference; fileEncoding = 4; lastKnownFileType = sourcecode.swift; path = JFBaseViewController.swift; sourceTree = "<group>"; };
		E874E20A1F552D01003A29B1 /* JFNearViewController.swift */ = {isa = PBXFileReference; fileEncoding = 4; lastKnownFileType = sourcecode.swift; path = JFNearViewController.swift; sourceTree = "<group>"; };
		E874E20E1F552D1D003A29B1 /* JFOrderViewController.swift */ = {isa = PBXFileReference; fileEncoding = 4; lastKnownFileType = sourcecode.swift; path = JFOrderViewController.swift; sourceTree = "<group>"; };
		E874E2101F552D26003A29B1 /* JFMeViewController.swift */ = {isa = PBXFileReference; fileEncoding = 4; lastKnownFileType = sourcecode.swift; path = JFMeViewController.swift; sourceTree = "<group>"; };
		E874E2121F552D34003A29B1 /* JFwalkViewController.swift */ = {isa = PBXFileReference; fileEncoding = 4; lastKnownFileType = sourcecode.swift; path = JFwalkViewController.swift; sourceTree = "<group>"; };
		E874E2181F557EC9003A29B1 /* JFHomeViewController.swift */ = {isa = PBXFileReference; fileEncoding = 4; lastKnownFileType = sourcecode.swift; path = JFHomeViewController.swift; sourceTree = "<group>"; };
		E874E21A1F5676D7003A29B1 /* JFMeHeaderCell.swift */ = {isa = PBXFileReference; fileEncoding = 4; lastKnownFileType = sourcecode.swift; path = JFMeHeaderCell.swift; sourceTree = "<group>"; };
		E874E21C1F567BD5003A29B1 /* JFListCell.swift */ = {isa = PBXFileReference; fileEncoding = 4; lastKnownFileType = sourcecode.swift; path = JFListCell.swift; sourceTree = "<group>"; };
		E874E2201F56A124003A29B1 /* JFMeListCellModel.swift */ = {isa = PBXFileReference; fileEncoding = 4; lastKnownFileType = sourcecode.swift; path = JFMeListCellModel.swift; sourceTree = "<group>"; };
		E874ECF81F590F40003A29B1 /* JFButton.swift */ = {isa = PBXFileReference; fileEncoding = 4; lastKnownFileType = sourcecode.swift; path = JFButton.swift; sourceTree = "<group>"; };
		E874ECFF1F5D2AA5003A29B1 /* JFStyle.swift */ = {isa = PBXFileReference; fileEncoding = 4; lastKnownFileType = sourcecode.swift; path = JFStyle.swift; sourceTree = "<group>"; };
		E874ED011F5D5703003A29B1 /* JFMeInfoModel.swift */ = {isa = PBXFileReference; fileEncoding = 4; lastKnownFileType = sourcecode.swift; path = JFMeInfoModel.swift; sourceTree = "<group>"; };
		E874ED031F5D5F54003A29B1 /* JFMeModel.swift */ = {isa = PBXFileReference; fileEncoding = 4; lastKnownFileType = sourcecode.swift; path = JFMeModel.swift; sourceTree = "<group>"; };
		E8CF74C21FB19C8C00FE8F17 /* JFSDKKeyConst.swift */ = {isa = PBXFileReference; lastKnownFileType = sourcecode.swift; path = JFSDKKeyConst.swift; sourceTree = "<group>"; };
		EAD1BCF42105C7F100309E86 /* JFMineViewController.swift */ = {isa = PBXFileReference; lastKnownFileType = sourcecode.swift; path = JFMineViewController.swift; sourceTree = "<group>"; };
		EAD1BCF52105C7F200309E86 /* JFMineViewController.xib */ = {isa = PBXFileReference; lastKnownFileType = file.xib; path = JFMineViewController.xib; sourceTree = "<group>"; };
		EAD1BCF82105C9C800309E86 /* JFMineCell.swift */ = {isa = PBXFileReference; lastKnownFileType = sourcecode.swift; path = JFMineCell.swift; sourceTree = "<group>"; };
		EAD1BCF92105C9C800309E86 /* JFMineCell.xib */ = {isa = PBXFileReference; lastKnownFileType = file.xib; path = JFMineCell.xib; sourceTree = "<group>"; };
		EAD1BCFC2105DB7800309E86 /* JFMineCollectionCell.swift */ = {isa = PBXFileReference; lastKnownFileType = sourcecode.swift; path = JFMineCollectionCell.swift; sourceTree = "<group>"; };
		EAD1BCFD2105DB7800309E86 /* JFMineCollectionCell.xib */ = {isa = PBXFileReference; lastKnownFileType = file.xib; path = JFMineCollectionCell.xib; sourceTree = "<group>"; };
/* End PBXFileReference section */

/* Begin PBXFrameworksBuildPhase section */
		E874E1AE1F4E91BA003A29B1 /* Frameworks */ = {
			isa = PBXFrameworksBuildPhase;
			buildActionMask = 2147483647;
			files = (
				A3A52610497E2CB4270346AB /* Pods_JFMeiTuan_Swift.framework in Frameworks */,
			);
			runOnlyForDeploymentPostprocessing = 0;
		};
/* End PBXFrameworksBuildPhase section */

/* Begin PBXGroup section */
		5A1E055E1F55A5CC00C9DBA1 /* Common(公共) */ = {
			isa = PBXGroup;
			children = (
				E8CF74C11FB19C6F00FE8F17 /* JFConst */,
				E874E21F1F56A0DA003A29B1 /* JFModel */,
				E874E21E1F567D42003A29B1 /* JFStyle */,
				5A1E05601F55A7BD00C9DBA1 /* JFViewComponent */,
			);
			name = "Common(公共)";
			path = Common;
			sourceTree = "<group>";
		};
		5A1E05601F55A7BD00C9DBA1 /* JFViewComponent */ = {
			isa = PBXGroup;
			children = (
				5A1E05611F55A7F700C9DBA1 /* JFMeCell.swift */,
				E874E21A1F5676D7003A29B1 /* JFMeHeaderCell.swift */,
				E874E21C1F567BD5003A29B1 /* JFListCell.swift */,
				E874ECF81F590F40003A29B1 /* JFButton.swift */,
				EAD1BCF82105C9C800309E86 /* JFMineCell.swift */,
				EAD1BCF92105C9C800309E86 /* JFMineCell.xib */,
				EAD1BCFC2105DB7800309E86 /* JFMineCollectionCell.swift */,
				EAD1BCFD2105DB7800309E86 /* JFMineCollectionCell.xib */,
			);
			name = JFViewComponent;
			path = ViewComponent;
			sourceTree = "<group>";
		};
		5C724BE349BC825B89F8A477 /* Frameworks */ = {
			isa = PBXGroup;
			children = (
				43F80F970124B124F7B8BB43 /* Pods_JFMeiTuan_Swift.framework */,
			);
			name = Frameworks;
			sourceTree = "<group>";
		};
		5FA3266C9E2D77D78DFE84DA /* Pods */ = {
			isa = PBXGroup;
			children = (
				411576AF5F919FB3E220C49B /* Pods-JFMeiTuan_Swift.debug.xcconfig */,
				6E9186FE1D2CDDA80244D864 /* Pods-JFMeiTuan_Swift.release.xcconfig */,
			);
			name = Pods;
			sourceTree = "<group>";
		};
		E874E1A81F4E91BA003A29B1 = {
			isa = PBXGroup;
			children = (
				E874E1B31F4E91BA003A29B1 /* JFMeiTuan_Swift */,
				E874E1B21F4E91BA003A29B1 /* Products */,
				5FA3266C9E2D77D78DFE84DA /* Pods */,
				5C724BE349BC825B89F8A477 /* Frameworks */,
			);
			sourceTree = "<group>";
		};
		E874E1B21F4E91BA003A29B1 /* Products */ = {
			isa = PBXGroup;
			children = (
				E874E1B11F4E91BA003A29B1 /* JFMeiTuan_Swift.app */,
			);
			name = Products;
			sourceTree = "<group>";
		};
		E874E1B31F4E91BA003A29B1 /* JFMeiTuan_Swift */ = {
			isa = PBXGroup;
			children = (
				E874E1C61F4E9791003A29B1 /* Classes */,
				E874E1B41F4E91BA003A29B1 /* AppDelegate.swift */,
				E874E1B61F4E91BA003A29B1 /* ViewController.swift */,
				E874E1B81F4E91BA003A29B1 /* Main.storyboard */,
				E874E1BB1F4E91BA003A29B1 /* Assets.xcassets */,
				E874E1BD1F4E91BA003A29B1 /* LaunchScreen.storyboard */,
				E874E1C01F4E91BA003A29B1 /* Info.plist */,
			);
			path = JFMeiTuan_Swift;
			sourceTree = "<group>";
		};
		E874E1C61F4E9791003A29B1 /* Classes */ = {
			isa = PBXGroup;
			children = (
				5A1E055E1F55A5CC00C9DBA1 /* Common(公共) */,
				E874E1FE1F552C72003A29B1 /* BaseClass(基类) */,
				E874E1FF1F552C72003A29B1 /* Home(首页) */,
				E874E2001F552C72003A29B1 /* Order(订单) */,
				E874E2011F552C72003A29B1 /* Me(我的) */,
				E874E2021F552C72003A29B1 /* Near(附近) */,
				E874E2031F552C72003A29B1 /* Walk(逛一逛) */,
			);
			path = Classes;
			sourceTree = "<group>";
		};
		E874E1FE1F552C72003A29B1 /* BaseClass(基类) */ = {
			isa = PBXGroup;
			children = (
				E874E2041F552CAB003A29B1 /* JFBaseNacigationController.swift */,
				E874E2051F552CAB003A29B1 /* JFBaseTabBarController.swift */,
				E874E2061F552CAB003A29B1 /* JFBaseViewController.swift */,
			);
			name = "BaseClass(基类)";
			path = BaseClass;
			sourceTree = "<group>";
		};
		E874E1FF1F552C72003A29B1 /* Home(首页) */ = {
			isa = PBXGroup;
			children = (
				E874E2151F557E95003A29B1 /* Model */,
				E874E2161F557E95003A29B1 /* Controller */,
				E874E2171F557E95003A29B1 /* View */,
			);
			name = "Home(首页)";
			path = Home;
			sourceTree = "<group>";
		};
		E874E2001F552C72003A29B1 /* Order(订单) */ = {
			isa = PBXGroup;
			children = (
				E874E20E1F552D1D003A29B1 /* JFOrderViewController.swift */,
			);
			name = "Order(订单)";
			path = Order;
			sourceTree = "<group>";
		};
		E874E2011F552C72003A29B1 /* Me(我的) */ = {
			isa = PBXGroup;
			children = (
				E874E2101F552D26003A29B1 /* JFMeViewController.swift */,
				EAD1BCF42105C7F100309E86 /* JFMineViewController.swift */,
				EAD1BCF52105C7F200309E86 /* JFMineViewController.xib */,
			);
			name = "Me(我的)";
			path = Me;
			sourceTree = "<group>";
		};
		E874E2021F552C72003A29B1 /* Near(附近) */ = {
			isa = PBXGroup;
			children = (
				E874E20A1F552D01003A29B1 /* JFNearViewController.swift */,
			);
			name = "Near(附近)";
			path = Near;
			sourceTree = "<group>";
		};
		E874E2031F552C72003A29B1 /* Walk(逛一逛) */ = {
			isa = PBXGroup;
			children = (
				E874E2121F552D34003A29B1 /* JFwalkViewController.swift */,
			);
			name = "Walk(逛一逛)";
			path = Walk;
			sourceTree = "<group>";
		};
		E874E2151F557E95003A29B1 /* Model */ = {
			isa = PBXGroup;
			children = (
			);
			path = Model;
			sourceTree = "<group>";
		};
		E874E2161F557E95003A29B1 /* Controller */ = {
			isa = PBXGroup;
			children = (
				E874E2181F557EC9003A29B1 /* JFHomeViewController.swift */,
			);
			path = Controller;
			sourceTree = "<group>";
		};
		E874E2171F557E95003A29B1 /* View */ = {
			isa = PBXGroup;
			children = (
				E81B50FE1F692A8F002EA405 /* JFHomeTotalCassCell.swift */,
				E81B51001F692AF1002EA405 /* JFHomeActivityCell.swift */,
				E81B51021F692B36002EA405 /* JFHomeTipCell.swift */,
				E81B51041F692B69002EA405 /* JFHomeNormalCell.swift */,
				E81B51061F692E74002EA405 /* JFAdvertisingCell.swift */,
				E81B51081F692F06002EA405 /* JFHomeLuckyDrawCell.swift */,
			);
			path = View;
			sourceTree = "<group>";
		};
		E874E21E1F567D42003A29B1 /* JFStyle */ = {
			isa = PBXGroup;
			children = (
				E874ECFF1F5D2AA5003A29B1 /* JFStyle.swift */,
			);
			path = JFStyle;
			sourceTree = "<group>";
		};
		E874E21F1F56A0DA003A29B1 /* JFModel */ = {
			isa = PBXGroup;
			children = (
				E874E2201F56A124003A29B1 /* JFMeListCellModel.swift */,
				E874ED011F5D5703003A29B1 /* JFMeInfoModel.swift */,
				E874ED031F5D5F54003A29B1 /* JFMeModel.swift */,
			);
			path = JFModel;
			sourceTree = "<group>";
		};
		E8CF74C11FB19C6F00FE8F17 /* JFConst */ = {
			isa = PBXGroup;
			children = (
				E8CF74C21FB19C8C00FE8F17 /* JFSDKKeyConst.swift */,
			);
			path = JFConst;
			sourceTree = "<group>";
		};
/* End PBXGroup section */

/* Begin PBXNativeTarget section */
		E874E1B01F4E91BA003A29B1 /* JFMeiTuan_Swift */ = {
			isa = PBXNativeTarget;
			buildConfigurationList = E874E1C31F4E91BA003A29B1 /* Build configuration list for PBXNativeTarget "JFMeiTuan_Swift" */;
			buildPhases = (
				A3E73EBC6F1DBE788245F875 /* [CP] Check Pods Manifest.lock */,
				E874E1AD1F4E91BA003A29B1 /* Sources */,
				E874E1AE1F4E91BA003A29B1 /* Frameworks */,
				E874E1AF1F4E91BA003A29B1 /* Resources */,
				EE6FCD4CE0913A802AE8AA72 /* [CP] Embed Pods Frameworks */,
				20215161D88D236B5799F874 /* [CP] Copy Pods Resources */,
			);
			buildRules = (
			);
			dependencies = (
			);
			name = JFMeiTuan_Swift;
			productName = JFMeiTuan_Swift;
			productReference = E874E1B11F4E91BA003A29B1 /* JFMeiTuan_Swift.app */;
			productType = "com.apple.product-type.application";
		};
/* End PBXNativeTarget section */

/* Begin PBXProject section */
		E874E1A91F4E91BA003A29B1 /* Project object */ = {
			isa = PBXProject;
			attributes = {
				LastSwiftUpdateCheck = 0830;
				LastUpgradeCheck = 0930;
				ORGANIZATIONNAME = linjianfang;
				TargetAttributes = {
					E874E1B01F4E91BA003A29B1 = {
						CreatedOnToolsVersion = 8.3.3;
						DevelopmentTeam = SSYQJAL3V2;
						ProvisioningStyle = Automatic;
					};
				};
			};
			buildConfigurationList = E874E1AC1F4E91BA003A29B1 /* Build configuration list for PBXProject "JFMeiTuan_Swift" */;
			compatibilityVersion = "Xcode 3.2";
			developmentRegion = English;
			hasScannedForEncodings = 0;
			knownRegions = (
				en,
				Base,
			);
			mainGroup = E874E1A81F4E91BA003A29B1;
			productRefGroup = E874E1B21F4E91BA003A29B1 /* Products */;
			projectDirPath = "";
			projectRoot = "";
			targets = (
				E874E1B01F4E91BA003A29B1 /* JFMeiTuan_Swift */,
			);
		};
/* End PBXProject section */

/* Begin PBXResourcesBuildPhase section */
		E874E1AF1F4E91BA003A29B1 /* Resources */ = {
			isa = PBXResourcesBuildPhase;
			buildActionMask = 2147483647;
			files = (
				EAD1BCFB2105C9C800309E86 /* JFMineCell.xib in Resources */,
				E874E1BF1F4E91BA003A29B1 /* LaunchScreen.storyboard in Resources */,
				EAD1BCFF2105DB7800309E86 /* JFMineCollectionCell.xib in Resources */,
				EAD1BCF72105C7F200309E86 /* JFMineViewController.xib in Resources */,
				E874E1BC1F4E91BA003A29B1 /* Assets.xcassets in Resources */,
				E874E1BA1F4E91BA003A29B1 /* Main.storyboard in Resources */,
			);
			runOnlyForDeploymentPostprocessing = 0;
		};
/* End PBXResourcesBuildPhase section */

/* Begin PBXShellScriptBuildPhase section */
		20215161D88D236B5799F874 /* [CP] Copy Pods Resources */ = {
			isa = PBXShellScriptBuildPhase;
			buildActionMask = 2147483647;
			files = (
			);
			inputPaths = (
			);
			name = "[CP] Copy Pods Resources";
			outputPaths = (
			);
			runOnlyForDeploymentPostprocessing = 0;
			shellPath = /bin/sh;
			shellScript = "\"${SRCROOT}/Pods/Target Support Files/Pods-JFMeiTuan_Swift/Pods-JFMeiTuan_Swift-resources.sh\"\n";
			showEnvVarsInLog = 0;
		};
		A3E73EBC6F1DBE788245F875 /* [CP] Check Pods Manifest.lock */ = {
			isa = PBXShellScriptBuildPhase;
			buildActionMask = 2147483647;
			files = (
			);
			inputPaths = (
				"${PODS_PODFILE_DIR_PATH}/Podfile.lock",
				"${PODS_ROOT}/Manifest.lock",
			);
			name = "[CP] Check Pods Manifest.lock";
			outputPaths = (
				"$(DERIVED_FILE_DIR)/Pods-JFMeiTuan_Swift-checkManifestLockResult.txt",
			);
			runOnlyForDeploymentPostprocessing = 0;
			shellPath = /bin/sh;
			shellScript = "diff \"${PODS_PODFILE_DIR_PATH}/Podfile.lock\" \"${PODS_ROOT}/Manifest.lock\" > /dev/null\nif [ $? != 0 ] ; then\n    # print error to STDERR\n    echo \"error: The sandbox is not in sync with the Podfile.lock. Run 'pod install' or update your CocoaPods installation.\" >&2\n    exit 1\nfi\n# This output is used by Xcode 'outputs' to avoid re-running this script phase.\necho \"SUCCESS\" > \"${SCRIPT_OUTPUT_FILE_0}\"\n";
			showEnvVarsInLog = 0;
		};
		EE6FCD4CE0913A802AE8AA72 /* [CP] Embed Pods Frameworks */ = {
			isa = PBXShellScriptBuildPhase;
			buildActionMask = 2147483647;
			files = (
			);
			inputPaths = (
				"${SRCROOT}/Pods/Target Support Files/Pods-JFMeiTuan_Swift/Pods-JFMeiTuan_Swift-frameworks.sh",
				"${BUILT_PRODUCTS_DIR}/Alamofire/Alamofire.framework",
				"${BUILT_PRODUCTS_DIR}/ObjectMapper/ObjectMapper.framework",
				"${BUILT_PRODUCTS_DIR}/SnapKit/SnapKit.framework",
				"${BUILT_PRODUCTS_DIR}/SwiftyJSON/SwiftyJSON.framework",
			);
			name = "[CP] Embed Pods Frameworks";
			outputPaths = (
				"${TARGET_BUILD_DIR}/${FRAMEWORKS_FOLDER_PATH}/Alamofire.framework",
				"${TARGET_BUILD_DIR}/${FRAMEWORKS_FOLDER_PATH}/ObjectMapper.framework",
				"${TARGET_BUILD_DIR}/${FRAMEWORKS_FOLDER_PATH}/SnapKit.framework",
				"${TARGET_BUILD_DIR}/${FRAMEWORKS_FOLDER_PATH}/SwiftyJSON.framework",
			);
			runOnlyForDeploymentPostprocessing = 0;
			shellPath = /bin/sh;
			shellScript = "\"${SRCROOT}/Pods/Target Support Files/Pods-JFMeiTuan_Swift/Pods-JFMeiTuan_Swift-frameworks.sh\"\n";
			showEnvVarsInLog = 0;
		};
/* End PBXShellScriptBuildPhase section */

/* Begin PBXSourcesBuildPhase section */
		E874E1AD1F4E91BA003A29B1 /* Sources */ = {
			isa = PBXSourcesBuildPhase;
			buildActionMask = 2147483647;
			files = (
				E874E2131F552D34003A29B1 /* JFwalkViewController.swift in Sources */,
				E874E2081F552CAB003A29B1 /* JFBaseTabBarController.swift in Sources */,
				E874E21B1F5676D7003A29B1 /* JFMeHeaderCell.swift in Sources */,
				5A1E05621F55A7F700C9DBA1 /* JFMeCell.swift in Sources */,
				E874E1B71F4E91BA003A29B1 /* ViewController.swift in Sources */,
				E874E2211F56A124003A29B1 /* JFMeListCellModel.swift in Sources */,
				E874E2111F552D26003A29B1 /* JFMeViewController.swift in Sources */,
				E81B51071F692E74002EA405 /* JFAdvertisingCell.swift in Sources */,
				E81B51031F692B36002EA405 /* JFHomeTipCell.swift in Sources */,
				E874ED041F5D5F54003A29B1 /* JFMeModel.swift in Sources */,
				E874E2091F552CAB003A29B1 /* JFBaseViewController.swift in Sources */,
				E81B51091F692F06002EA405 /* JFHomeLuckyDrawCell.swift in Sources */,
				E81B50FF1F692A8F002EA405 /* JFHomeTotalCassCell.swift in Sources */,
				E874E20B1F552D01003A29B1 /* JFNearViewController.swift in Sources */,
				EAD1BCFE2105DB7800309E86 /* JFMineCollectionCell.swift in Sources */,
				EAD1BCFA2105C9C800309E86 /* JFMineCell.swift in Sources */,
				E874ED021F5D5704003A29B1 /* JFMeInfoModel.swift in Sources */,
				E874ED001F5D2AA5003A29B1 /* JFStyle.swift in Sources */,
				E874E20F1F552D1D003A29B1 /* JFOrderViewController.swift in Sources */,
				E874ECF91F590F40003A29B1 /* JFButton.swift in Sources */,
				E874E2071F552CAB003A29B1 /* JFBaseNacigationController.swift in Sources */,
				E874E21D1F567BD5003A29B1 /* JFListCell.swift in Sources */,
				E81B51011F692AF1002EA405 /* JFHomeActivityCell.swift in Sources */,
				E8CF74C31FB19C8C00FE8F17 /* JFSDKKeyConst.swift in Sources */,
				E81B51051F692B69002EA405 /* JFHomeNormalCell.swift in Sources */,
				EAD1BCF62105C7F200309E86 /* JFMineViewController.swift in Sources */,
				E874E2191F557EC9003A29B1 /* JFHomeViewController.swift in Sources */,
				E874E1B51F4E91BA003A29B1 /* AppDelegate.swift in Sources */,
			);
			runOnlyForDeploymentPostprocessing = 0;
		};
/* End PBXSourcesBuildPhase section */

/* Begin PBXVariantGroup section */
		E874E1B81F4E91BA003A29B1 /* Main.storyboard */ = {
			isa = PBXVariantGroup;
			children = (
				E874E1B91F4E91BA003A29B1 /* Base */,
			);
			name = Main.storyboard;
			sourceTree = "<group>";
		};
		E874E1BD1F4E91BA003A29B1 /* LaunchScreen.storyboard */ = {
			isa = PBXVariantGroup;
			children = (
				E874E1BE1F4E91BA003A29B1 /* Base */,
			);
			name = LaunchScreen.storyboard;
			sourceTree = "<group>";
		};
/* End PBXVariantGroup section */

/* Begin XCBuildConfiguration section */
		E874E1C11F4E91BA003A29B1 /* Debug */ = {
			isa = XCBuildConfiguration;
			buildSettings = {
				ALWAYS_SEARCH_USER_PATHS = NO;
				CLANG_ANALYZER_NONNULL = YES;
				CLANG_ANALYZER_NUMBER_OBJECT_CONVERSION = YES_AGGRESSIVE;
				CLANG_CXX_LANGUAGE_STANDARD = "gnu++0x";
				CLANG_CXX_LIBRARY = "libc++";
				CLANG_ENABLE_MODULES = YES;
				CLANG_ENABLE_OBJC_ARC = YES;
				CLANG_WARN_BLOCK_CAPTURE_AUTORELEASING = YES;
				CLANG_WARN_BOOL_CONVERSION = YES;
				CLANG_WARN_COMMA = YES;
				CLANG_WARN_CONSTANT_CONVERSION = YES;
				CLANG_WARN_DEPRECATED_OBJC_IMPLEMENTATIONS = YES;
				CLANG_WARN_DIRECT_OBJC_ISA_USAGE = YES_ERROR;
				CLANG_WARN_DOCUMENTATION_COMMENTS = YES;
				CLANG_WARN_EMPTY_BODY = YES;
				CLANG_WARN_ENUM_CONVERSION = YES;
				CLANG_WARN_INFINITE_RECURSION = YES;
				CLANG_WARN_INT_CONVERSION = YES;
				CLANG_WARN_NON_LITERAL_NULL_CONVERSION = YES;
				CLANG_WARN_OBJC_IMPLICIT_RETAIN_SELF = YES;
				CLANG_WARN_OBJC_LITERAL_CONVERSION = YES;
				CLANG_WARN_OBJC_ROOT_CLASS = YES_ERROR;
				CLANG_WARN_RANGE_LOOP_ANALYSIS = YES;
				CLANG_WARN_STRICT_PROTOTYPES = YES;
				CLANG_WARN_SUSPICIOUS_MOVE = YES;
				CLANG_WARN_UNREACHABLE_CODE = YES;
				CLANG_WARN__DUPLICATE_METHOD_MATCH = YES;
				"CODE_SIGN_IDENTITY[sdk=iphoneos*]" = "iPhone Developer";
				COPY_PHASE_STRIP = NO;
				DEBUG_INFORMATION_FORMAT = dwarf;
				ENABLE_STRICT_OBJC_MSGSEND = YES;
				ENABLE_TESTABILITY = YES;
				GCC_C_LANGUAGE_STANDARD = gnu99;
				GCC_DYNAMIC_NO_PIC = NO;
				GCC_NO_COMMON_BLOCKS = YES;
				GCC_OPTIMIZATION_LEVEL = 0;
				GCC_PREPROCESSOR_DEFINITIONS = (
					"DEBUG=1",
					"$(inherited)",
				);
				GCC_WARN_64_TO_32_BIT_CONVERSION = YES;
				GCC_WARN_ABOUT_RETURN_TYPE = YES_ERROR;
				GCC_WARN_UNDECLARED_SELECTOR = YES;
				GCC_WARN_UNINITIALIZED_AUTOS = YES_AGGRESSIVE;
				GCC_WARN_UNUSED_FUNCTION = YES;
				GCC_WARN_UNUSED_VARIABLE = YES;
				IPHONEOS_DEPLOYMENT_TARGET = 10.0;
				MTL_ENABLE_DEBUG_INFO = YES;
				ONLY_ACTIVE_ARCH = YES;
				SDKROOT = iphoneos;
				SWIFT_ACTIVE_COMPILATION_CONDITIONS = DEBUG;
				SWIFT_OPTIMIZATION_LEVEL = "-Onone";
				TARGETED_DEVICE_FAMILY = "1,2";
			};
			name = Debug;
		};
		E874E1C21F4E91BA003A29B1 /* Release */ = {
			isa = XCBuildConfiguration;
			buildSettings = {
				ALWAYS_SEARCH_USER_PATHS = NO;
				CLANG_ANALYZER_NONNULL = YES;
				CLANG_ANALYZER_NUMBER_OBJECT_CONVERSION = YES_AGGRESSIVE;
				CLANG_CXX_LANGUAGE_STANDARD = "gnu++0x";
				CLANG_CXX_LIBRARY = "libc++";
				CLANG_ENABLE_MODULES = YES;
				CLANG_ENABLE_OBJC_ARC = YES;
				CLANG_WARN_BLOCK_CAPTURE_AUTORELEASING = YES;
				CLANG_WARN_BOOL_CONVERSION = YES;
				CLANG_WARN_COMMA = YES;
				CLANG_WARN_CONSTANT_CONVERSION = YES;
				CLANG_WARN_DEPRECATED_OBJC_IMPLEMENTATIONS = YES;
				CLANG_WARN_DIRECT_OBJC_ISA_USAGE = YES_ERROR;
				CLANG_WARN_DOCUMENTATION_COMMENTS = YES;
				CLANG_WARN_EMPTY_BODY = YES;
				CLANG_WARN_ENUM_CONVERSION = YES;
				CLANG_WARN_INFINITE_RECURSION = YES;
				CLANG_WARN_INT_CONVERSION = YES;
				CLANG_WARN_NON_LITERAL_NULL_CONVERSION = YES;
				CLANG_WARN_OBJC_IMPLICIT_RETAIN_SELF = YES;
				CLANG_WARN_OBJC_LITERAL_CONVERSION = YES;
				CLANG_WARN_OBJC_ROOT_CLASS = YES_ERROR;
				CLANG_WARN_RANGE_LOOP_ANALYSIS = YES;
				CLANG_WARN_STRICT_PROTOTYPES = YES;
				CLANG_WARN_SUSPICIOUS_MOVE = YES;
				CLANG_WARN_UNREACHABLE_CODE = YES;
				CLANG_WARN__DUPLICATE_METHOD_MATCH = YES;
				"CODE_SIGN_IDENTITY[sdk=iphoneos*]" = "iPhone Developer";
				COPY_PHASE_STRIP = NO;
				DEBUG_INFORMATION_FORMAT = "dwarf-with-dsym";
				ENABLE_NS_ASSERTIONS = NO;
				ENABLE_STRICT_OBJC_MSGSEND = YES;
				GCC_C_LANGUAGE_STANDARD = gnu99;
				GCC_NO_COMMON_BLOCKS = YES;
				GCC_WARN_64_TO_32_BIT_CONVERSION = YES;
				GCC_WARN_ABOUT_RETURN_TYPE = YES_ERROR;
				GCC_WARN_UNDECLARED_SELECTOR = YES;
				GCC_WARN_UNINITIALIZED_AUTOS = YES_AGGRESSIVE;
				GCC_WARN_UNUSED_FUNCTION = YES;
				GCC_WARN_UNUSED_VARIABLE = YES;
				IPHONEOS_DEPLOYMENT_TARGET = 10.0;
				MTL_ENABLE_DEBUG_INFO = NO;
				SDKROOT = iphoneos;
				SWIFT_OPTIMIZATION_LEVEL = "-Owholemodule";
				TARGETED_DEVICE_FAMILY = "1,2";
				VALIDATE_PRODUCT = YES;
			};
			name = Release;
		};
		E874E1C41F4E91BA003A29B1 /* Debug */ = {
			isa = XCBuildConfiguration;
			baseConfigurationReference = 411576AF5F919FB3E220C49B /* Pods-JFMeiTuan_Swift.debug.xcconfig */;
			buildSettings = {
				ASSETCATALOG_COMPILER_APPICON_NAME = AppIcon;
				CODE_SIGN_IDENTITY = "iPhone Developer";
				CODE_SIGN_STYLE = Automatic;
				DEVELOPMENT_TEAM = SSYQJAL3V2;
				INFOPLIST_FILE = JFMeiTuan_Swift/Info.plist;
				LD_RUNPATH_SEARCH_PATHS = "$(inherited) @executable_path/Frameworks";
				PRODUCT_BUNDLE_IDENTIFIER = "JF.JFMeiTuan-Swift";
				PRODUCT_NAME = "$(TARGET_NAME)";
				PROVISIONING_PROFILE_SPECIFIER = "";
				SWIFT_VERSION = 3.0;
			};
			name = Debug;
		};
		E874E1C51F4E91BA003A29B1 /* Release */ = {
			isa = XCBuildConfiguration;
			baseConfigurationReference = 6E9186FE1D2CDDA80244D864 /* Pods-JFMeiTuan_Swift.release.xcconfig */;
			buildSettings = {
				ASSETCATALOG_COMPILER_APPICON_NAME = AppIcon;
				CODE_SIGN_IDENTITY = "iPhone Developer";
				CODE_SIGN_STYLE = Automatic;
				DEVELOPMENT_TEAM = SSYQJAL3V2;
				INFOPLIST_FILE = JFMeiTuan_Swift/Info.plist;
				LD_RUNPATH_SEARCH_PATHS = "$(inherited) @executable_path/Frameworks";
				PRODUCT_BUNDLE_IDENTIFIER = "JF.JFMeiTuan-Swift";
				PRODUCT_NAME = "$(TARGET_NAME)";
				PROVISIONING_PROFILE_SPECIFIER = "";
				SWIFT_VERSION = 3.0;
			};
			name = Release;
		};
/* End XCBuildConfiguration section */

/* Begin XCConfigurationList section */
		E874E1AC1F4E91BA003A29B1 /* Build configuration list for PBXProject "JFMeiTuan_Swift" */ = {
			isa = XCConfigurationList;
			buildConfigurations = (
				E874E1C11F4E91BA003A29B1 /* Debug */,
				E874E1C21F4E91BA003A29B1 /* Release */,
			);
			defaultConfigurationIsVisible = 0;
			defaultConfigurationName = Release;
		};
		E874E1C31F4E91BA003A29B1 /* Build configuration list for PBXNativeTarget "JFMeiTuan_Swift" */ = {
			isa = XCConfigurationList;
			buildConfigurations = (
				E874E1C41F4E91BA003A29B1 /* Debug */,
				E874E1C51F4E91BA003A29B1 /* Release */,
			);
			defaultConfigurationIsVisible = 0;
			defaultConfigurationName = Release;
		};
/* End XCConfigurationList section */
	};
	rootObject = E874E1A91F4E91BA003A29B1 /* Project object */;
}
