// !$*UTF8*$!
{
	archiveVersion = 1;
	classes = {
	};
	objectVersion = 46;
	objects = {

/* Begin PBXBuildFile section */
		5A1E05621F55A7F700C9DBA1 /* JFMeCell.swift in Sources */ = {isa = PBXBuildFile; fileRef = 5A1E05611F55A7F700C9DBA1 /* JFMeCell.swift */; };
		5A4D484B212B0478000E5D22 /* nearAll.json in Resources */ = {isa = PBXBuildFile; fileRef = 5A4D4846212B0478000E5D22 /* nearAll.json */; };
		5A4D484C212B0478000E5D22 /* nearLive.json in Resources */ = {isa = PBXBuildFile; fileRef = 5A4D4847212B0478000E5D22 /* nearLive.json */; };
		5A4D484D212B0478000E5D22 /* nearPlay.json in Resources */ = {isa = PBXBuildFile; fileRef = 5A4D4848212B0478000E5D22 /* nearPlay.json */; };
		5A4D484E212B0478000E5D22 /* nearFood.json in Resources */ = {isa = PBXBuildFile; fileRef = 5A4D4849212B0478000E5D22 /* nearFood.json */; };
		5A4D484F212B0478000E5D22 /* nearHotel.json in Resources */ = {isa = PBXBuildFile; fileRef = 5A4D484A212B0478000E5D22 /* nearHotel.json */; };
		5AB98BA8213146280070C5D6 /* BlurCell.swift in Sources */ = {isa = PBXBuildFile; fileRef = 5AB98BA3213146280070C5D6 /* BlurCell.swift */; };
		5AB98BA9213146280070C5D6 /* DescriptionCell.swift in Sources */ = {isa = PBXBuildFile; fileRef = 5AB98BA4213146280070C5D6 /* DescriptionCell.swift */; };
		5AB98BAA213146280070C5D6 /* RangeCell.swift in Sources */ = {isa = PBXBuildFile; fileRef = 5AB98BA5213146280070C5D6 /* RangeCell.swift */; };
		5AB98BAB213146280070C5D6 /* RegularCell.swift in Sources */ = {isa = PBXBuildFile; fileRef = 5AB98BA6213146280070C5D6 /* RegularCell.swift */; };
		5AB98BAC213146280070C5D6 /* TableCell.xib in Resources */ = {isa = PBXBuildFile; fileRef = 5AB98BA7213146280070C5D6 /* TableCell.xib */; };
		5AB98BAE21315D490070C5D6 /* homeTopCategoryCell.json in Resources */ = {isa = PBXBuildFile; fileRef = 5AB98BAD21315D480070C5D6 /* homeTopCategoryCell.json */; };
		5AB98BB021316A0B0070C5D6 /* homeClass.json in Resources */ = {isa = PBXBuildFile; fileRef = 5AB98BAF21316A0B0070C5D6 /* homeClass.json */; };
		5AB98BB321322ED50070C5D6 /* UIImage+JFExtension.swift in Sources */ = {isa = PBXBuildFile; fileRef = 5AB98BB221322ED50070C5D6 /* UIImage+JFExtension.swift */; };
		5AB98BB52132BA790070C5D6 /* homeNormal.json in Resources */ = {isa = PBXBuildFile; fileRef = 5AB98BB42132BA790070C5D6 /* homeNormal.json */; };
		A3A52610497E2CB4270346AB /* Pods_JFMeiTuan_Swift.framework in Frameworks */ = {isa = PBXBuildFile; fileRef = 43F80F970124B124F7B8BB43 /* Pods_JFMeiTuan_Swift.framework */; };
		E81B50FF1F692A8F002EA405 /* JFHomeTotalCassCell.swift in Sources */ = {isa = PBXBuildFile; fileRef = E81B50FE1F692A8F002EA405 /* JFHomeTotalCassCell.swift */; };
		E81B51011F692AF1002EA405 /* JFHomeActivityCell.swift in Sources */ = {isa = PBXBuildFile; fileRef = E81B51001F692AF1002EA405 /* JFHomeActivityCell.swift */; };
		E81B51031F692B36002EA405 /* JFHomeTipCell.swift in Sources */ = {isa = PBXBuildFile; fileRef = E81B51021F692B36002EA405 /* JFHomeTipCell.swift */; };
		E81B51071F692E74002EA405 /* JFAdvertisingCell.swift in Sources */ = {isa = PBXBuildFile; fileRef = E81B51061F692E74002EA405 /* JFAdvertisingCell.swift */; };
		E81B51091F692F06002EA405 /* JFHomeLuckyDrawCell.swift in Sources */ = {isa = PBXBuildFile; fileRef = E81B51081F692F06002EA405 /* JFHomeLuckyDrawCell.swift */; };
		E874E1B51F4E91BA003A29B1 /* AppDelegate.swift in Sources */ = {isa = PBXBuildFile; fileRef = E874E1B41F4E91BA003A29B1 /* AppDelegate.swift */; };
		E874E1B71F4E91BA003A29B1 /* ViewController.swift in Sources */ = {isa = PBXBuildFile; fileRef = E874E1B61F4E91BA003A29B1 /* ViewController.swift */; };
		E874E1BA1F4E91BA003A29B1 /* Main.storyboard in Resources */ = {isa = PBXBuildFile; fileRef = E874E1B81F4E91BA003A29B1 /* Main.storyboard */; };
		E874E1BC1F4E91BA003A29B1 /* Assets.xcassets in Resources */ = {isa = PBXBuildFile; fileRef = E874E1BB1F4E91BA003A29B1 /* Assets.xcassets */; };
		E874E1BF1F4E91BA003A29B1 /* LaunchScreen.storyboard in Resources */ = {isa = PBXBuildFile; fileRef = E874E1BD1F4E91BA003A29B1 /* LaunchScreen.storyboard */; };
		E874E2071F552CAB003A29B1 /* JFBaseNacigationController.swift in Sources */ = {isa = PBXBuildFile; fileRef = E874E2041F552CAB003A29B1 /* JFBaseNacigationController.swift */; };
		E874E2081F552CAB003A29B1 /* JFBaseTabBarController.swift in Sources */ = {isa = PBXBuildFile; fileRef = E874E2051F552CAB003A29B1 /* JFBaseTabBarController.swift */; };
		E874E2091F552CAB003A29B1 /* JFBaseViewController.swift in Sources */ = {isa = PBXBuildFile; fileRef = E874E2061F552CAB003A29B1 /* JFBaseViewController.swift */; };
		E874E2191F557EC9003A29B1 /* JFHomeViewController.swift in Sources */ = {isa = PBXBuildFile; fileRef = E874E2181F557EC9003A29B1 /* JFHomeViewController.swift */; };
		E874E21B1F5676D7003A29B1 /* JFMeHeaderCell.swift in Sources */ = {isa = PBXBuildFile; fileRef = E874E21A1F5676D7003A29B1 /* JFMeHeaderCell.swift */; };
		E874E21D1F567BD5003A29B1 /* JFListCell.swift in Sources */ = {isa = PBXBuildFile; fileRef = E874E21C1F567BD5003A29B1 /* JFListCell.swift */; };
		E874E2211F56A124003A29B1 /* JFMeListCellModel.swift in Sources */ = {isa = PBXBuildFile; fileRef = E874E2201F56A124003A29B1 /* JFMeListCellModel.swift */; };
		E874ECF91F590F40003A29B1 /* JFButton.swift in Sources */ = {isa = PBXBuildFile; fileRef = E874ECF81F590F40003A29B1 /* JFButton.swift */; };
		E874ED001F5D2AA5003A29B1 /* JFStyle.swift in Sources */ = {isa = PBXBuildFile; fileRef = E874ECFF1F5D2AA5003A29B1 /* JFStyle.swift */; };
		E874ED021F5D5704003A29B1 /* JFMeInfoModel.swift in Sources */ = {isa = PBXBuildFile; fileRef = E874ED011F5D5703003A29B1 /* JFMeInfoModel.swift */; };
		E874ED041F5D5F54003A29B1 /* JFMeModel.swift in Sources */ = {isa = PBXBuildFile; fileRef = E874ED031F5D5F54003A29B1 /* JFMeModel.swift */; };
		EA1A0154212E422900255489 /* JFGuidePageTestViewController.swift in Sources */ = {isa = PBXBuildFile; fileRef = EA1A0152212E422900255489 /* JFGuidePageTestViewController.swift */; };
		EA1A0155212E422900255489 /* JFGuidePageTestViewController.xib in Resources */ = {isa = PBXBuildFile; fileRef = EA1A0153212E422900255489 /* JFGuidePageTestViewController.xib */; };
		EA1A015C212E4D3B00255489 /* JFSendValueViewController.xib in Resources */ = {isa = PBXBuildFile; fileRef = EA1A0157212E4D3A00255489 /* JFSendValueViewController.xib */; };
		EA1A015D212E4D3B00255489 /* JFSendSingleton.swift in Sources */ = {isa = PBXBuildFile; fileRef = EA1A0158212E4D3A00255489 /* JFSendSingleton.swift */; };
		EA1A015E212E4D3B00255489 /* JFSendValueViewController.swift in Sources */ = {isa = PBXBuildFile; fileRef = EA1A0159212E4D3A00255489 /* JFSendValueViewController.swift */; };
		EA1A015F212E4D3B00255489 /* JFReceiveValueViewController.xib in Resources */ = {isa = PBXBuildFile; fileRef = EA1A015A212E4D3A00255489 /* JFReceiveValueViewController.xib */; };
		EA1A0160212E4D3B00255489 /* JFReceiveValueViewController.swift in Sources */ = {isa = PBXBuildFile; fileRef = EA1A015B212E4D3A00255489 /* JFReceiveValueViewController.swift */; };
		EA1A0164212E4DA100255489 /* JFTestCarouseViewController.swift in Sources */ = {isa = PBXBuildFile; fileRef = EA1A0162212E4DA100255489 /* JFTestCarouseViewController.swift */; };
		EA1A0165212E4DA100255489 /* JFTestCarouseViewController.xib in Resources */ = {isa = PBXBuildFile; fileRef = EA1A0163212E4DA100255489 /* JFTestCarouseViewController.xib */; };
		EA1A016C212E7C4800255489 /* JFModularTableViewController.swift in Sources */ = {isa = PBXBuildFile; fileRef = EA1A016A212E7C4800255489 /* JFModularTableViewController.swift */; };
		EA1A016D212E7C4800255489 /* JFModularTableViewController.xib in Resources */ = {isa = PBXBuildFile; fileRef = EA1A016B212E7C4800255489 /* JFModularTableViewController.xib */; };
		EA1A0175212E7F5F00255489 /* ModularModel.swift in Sources */ = {isa = PBXBuildFile; fileRef = EA1A0174212E7F5F00255489 /* ModularModel.swift */; };
		EA1A0177212EB34900255489 /* JFImageTestCell.swift in Sources */ = {isa = PBXBuildFile; fileRef = EA1A0176212EB34900255489 /* JFImageTestCell.swift */; };
		EA1A0179212F909B00255489 /* JFSildeTestCell.swift in Sources */ = {isa = PBXBuildFile; fileRef = EA1A0178212F909B00255489 /* JFSildeTestCell.swift */; };
		EA1A017B212F90ED00255489 /* JFSelectTestCell.swift in Sources */ = {isa = PBXBuildFile; fileRef = EA1A017A212F90ED00255489 /* JFSelectTestCell.swift */; };
		EA1A01AE212FF96D00255489 /* JFModularTestCell.swift in Sources */ = {isa = PBXBuildFile; fileRef = EA1A01AD212FF96D00255489 /* JFModularTestCell.swift */; };
		EA1A01BC2130014200255489 /* TableNode.swift in Sources */ = {isa = PBXBuildFile; fileRef = EA1A01BB2130014200255489 /* TableNode.swift */; };
		EA1A01BE2130019900255489 /* PushedCtr.swift in Sources */ = {isa = PBXBuildFile; fileRef = EA1A01BD2130019900255489 /* PushedCtr.swift */; };
		EA1A01C0213001BD00255489 /* JFTestVC.swift in Sources */ = {isa = PBXBuildFile; fileRef = EA1A01BF213001BD00255489 /* JFTestVC.swift */; };
		EA1A01C22130072F00255489 /* test.xib in Resources */ = {isa = PBXBuildFile; fileRef = EA1A01C12130072F00255489 /* test.xib */; };
		EA1A01C721338C1500255489 /* JFVideoPlayerViewController.swift in Sources */ = {isa = PBXBuildFile; fileRef = EA1A01C621338C1500255489 /* JFVideoPlayerViewController.swift */; };
		EA1A01CE2133CCA700255489 /* JFSelectCityViewController.swift in Sources */ = {isa = PBXBuildFile; fileRef = EA1A01CA2133CCA600255489 /* JFSelectCityViewController.swift */; };
		EA1A01D12133CD8400255489 /* JFDomesticViewController.swift in Sources */ = {isa = PBXBuildFile; fileRef = EA1A01CF2133CD8400255489 /* JFDomesticViewController.swift */; };
		EA1A01D22133CD8400255489 /* JFDomesticViewController.xib in Resources */ = {isa = PBXBuildFile; fileRef = EA1A01D02133CD8400255489 /* JFDomesticViewController.xib */; };
		EA1A01D52133CD9C00255489 /* JFInternationalViewController.swift in Sources */ = {isa = PBXBuildFile; fileRef = EA1A01D32133CD9C00255489 /* JFInternationalViewController.swift */; };
		EA1A01D62133CD9C00255489 /* JFInternationalViewController.xib in Resources */ = {isa = PBXBuildFile; fileRef = EA1A01D42133CD9C00255489 /* JFInternationalViewController.xib */; };
		EA1A75C8211AF1AF000BF3E2 /* JFWalkChildViewController.swift in Sources */ = {isa = PBXBuildFile; fileRef = EA1A75C4211AF1AE000BF3E2 /* JFWalkChildViewController.swift */; };
		EA1A75C9211AF1AF000BF3E2 /* JFwalkViewController.swift in Sources */ = {isa = PBXBuildFile; fileRef = EA1A75C5211AF1AE000BF3E2 /* JFwalkViewController.swift */; };
		EA1A75CA211AF1AF000BF3E2 /* JFWalkChildViewController.xib in Resources */ = {isa = PBXBuildFile; fileRef = EA1A75C6211AF1AE000BF3E2 /* JFWalkChildViewController.xib */; };
		EA1A75CD211AF260000BF3E2 /* JFWeakNormalCell.swift in Sources */ = {isa = PBXBuildFile; fileRef = EA1A75CB211AF260000BF3E2 /* JFWeakNormalCell.swift */; };
		EA1A75CE211AF260000BF3E2 /* JFWeakNormalCell.xib in Resources */ = {isa = PBXBuildFile; fileRef = EA1A75CC211AF260000BF3E2 /* JFWeakNormalCell.xib */; };
		EA1A75EE211BCA6E000BF3E2 /* JFUrlConst.swift in Sources */ = {isa = PBXBuildFile; fileRef = EA1A75ED211BCA6E000BF3E2 /* JFUrlConst.swift */; };
		EA1A75F1211BECCC000BF3E2 /* JFWalkVideoCell.swift in Sources */ = {isa = PBXBuildFile; fileRef = EA1A75EF211BECCC000BF3E2 /* JFWalkVideoCell.swift */; };
		EA1A75F2211BECCC000BF3E2 /* JFWalkVideoCell.xib in Resources */ = {isa = PBXBuildFile; fileRef = EA1A75F0211BECCC000BF3E2 /* JFWalkVideoCell.xib */; };
		EA1A75FC211C154D000BF3E2 /* JFOrderViewController.swift in Sources */ = {isa = PBXBuildFile; fileRef = EA1A75F9211C154D000BF3E2 /* JFOrderViewController.swift */; };
		EA1A75FD211C154D000BF3E2 /* JFOrderViewController.xib in Resources */ = {isa = PBXBuildFile; fileRef = EA1A75FA211C154D000BF3E2 /* JFOrderViewController.xib */; };
		EA1A7600211C15A8000BF3E2 /* JFOrderTopCategoryCell.swift in Sources */ = {isa = PBXBuildFile; fileRef = EA1A75FE211C15A8000BF3E2 /* JFOrderTopCategoryCell.swift */; };
		EA1A7601211C15A8000BF3E2 /* JFOrderTopCategoryCell.xib in Resources */ = {isa = PBXBuildFile; fileRef = EA1A75FF211C15A8000BF3E2 /* JFOrderTopCategoryCell.xib */; };
		EA1A7604211C19CC000BF3E2 /* JFRecentOrderCell.swift in Sources */ = {isa = PBXBuildFile; fileRef = EA1A7602211C19CC000BF3E2 /* JFRecentOrderCell.swift */; };
		EA1A7605211C19CC000BF3E2 /* JFRecentOrderCell.xib in Resources */ = {isa = PBXBuildFile; fileRef = EA1A7603211C19CC000BF3E2 /* JFRecentOrderCell.xib */; };
		EA1A7608211C1C8C000BF3E2 /* JFRecentSubOrderCell.swift in Sources */ = {isa = PBXBuildFile; fileRef = EA1A7606211C1C8C000BF3E2 /* JFRecentSubOrderCell.swift */; };
		EA1A7609211C1C8C000BF3E2 /* JFRecentSubOrderCell.xib in Resources */ = {isa = PBXBuildFile; fileRef = EA1A7607211C1C8C000BF3E2 /* JFRecentSubOrderCell.xib */; };
		EA1A760C211C3861000BF3E2 /* JFRecentViewOrderCell.swift in Sources */ = {isa = PBXBuildFile; fileRef = EA1A760A211C3861000BF3E2 /* JFRecentViewOrderCell.swift */; };
		EA1A760D211C3861000BF3E2 /* JFRecentViewOrderCell.xib in Resources */ = {isa = PBXBuildFile; fileRef = EA1A760B211C3861000BF3E2 /* JFRecentViewOrderCell.xib */; };
		EA1A7614211C391E000BF3E2 /* JFNormalOrderCell.swift in Sources */ = {isa = PBXBuildFile; fileRef = EA1A7612211C391E000BF3E2 /* JFNormalOrderCell.swift */; };
		EA1A7615211C391E000BF3E2 /* JFNormalOrderCell.xib in Resources */ = {isa = PBXBuildFile; fileRef = EA1A7613211C391E000BF3E2 /* JFNormalOrderCell.xib */; };
		EA1A761A211C4924000BF3E2 /* JFBaseNetwork.swift in Sources */ = {isa = PBXBuildFile; fileRef = EA1A7619211C4924000BF3E2 /* JFBaseNetwork.swift */; };
		EA1A763F211D2C61000BF3E2 /* JFMineViewController.swift in Sources */ = {isa = PBXBuildFile; fileRef = EA1A763C211D2C61000BF3E2 /* JFMineViewController.swift */; };
		EA1A7640211D2C61000BF3E2 /* JFMeViewController.swift in Sources */ = {isa = PBXBuildFile; fileRef = EA1A763D211D2C61000BF3E2 /* JFMeViewController.swift */; };
		EA1A7641211D2C61000BF3E2 /* JFMineViewController.xib in Resources */ = {isa = PBXBuildFile; fileRef = EA1A763E211D2C61000BF3E2 /* JFMineViewController.xib */; };
		EA1A7644211D3961000BF3E2 /* JFMineTopCategoryCell.swift in Sources */ = {isa = PBXBuildFile; fileRef = EA1A7642211D3961000BF3E2 /* JFMineTopCategoryCell.swift */; };
		EA1A7645211D3961000BF3E2 /* JFMineTopCategoryCell.xib in Resources */ = {isa = PBXBuildFile; fileRef = EA1A7643211D3961000BF3E2 /* JFMineTopCategoryCell.xib */; };
		EA1A7648211D40AE000BF3E2 /* JFMineActiveCell.swift in Sources */ = {isa = PBXBuildFile; fileRef = EA1A7646211D40AE000BF3E2 /* JFMineActiveCell.swift */; };
		EA1A7649211D40AE000BF3E2 /* JFMineActiveCell.xib in Resources */ = {isa = PBXBuildFile; fileRef = EA1A7647211D40AE000BF3E2 /* JFMineActiveCell.xib */; };
		EA1A764C211D58DB000BF3E2 /* JFMineAcconutCell.swift in Sources */ = {isa = PBXBuildFile; fileRef = EA1A764A211D58DA000BF3E2 /* JFMineAcconutCell.swift */; };
		EA1A764D211D58DB000BF3E2 /* JFMineAcconutCell.xib in Resources */ = {isa = PBXBuildFile; fileRef = EA1A764B211D58DA000BF3E2 /* JFMineAcconutCell.xib */; };
		EA7D6BF621256F22009947F2 /* mineService.json in Resources */ = {isa = PBXBuildFile; fileRef = EA7D6BF521256F22009947F2 /* mineService.json */; };
		EA7D6BF82125733B009947F2 /* tabbar.json in Resources */ = {isa = PBXBuildFile; fileRef = EA7D6BF72125733B009947F2 /* tabbar.json */; };
		EA7D6BFA212574BB009947F2 /* home.json in Resources */ = {isa = PBXBuildFile; fileRef = EA7D6BF9212574BB009947F2 /* home.json */; };
		EA9D49F1210B127600ED4760 /* JFHomeConmonModel.swift in Sources */ = {isa = PBXBuildFile; fileRef = EA9D49F0210B127600ED4760 /* JFHomeConmonModel.swift */; };
		EA9D49F4210B136E00ED4760 /* JFHomeNormalCell.swift in Sources */ = {isa = PBXBuildFile; fileRef = EA9D49F2210B136E00ED4760 /* JFHomeNormalCell.swift */; };
		EA9D49F5210B136E00ED4760 /* JFHomeNormalCell.xib in Resources */ = {isa = PBXBuildFile; fileRef = EA9D49F3210B136E00ED4760 /* JFHomeNormalCell.xib */; };
		EA9FAA4F212A5B2A00A3C3BA /* JFBasicKnowledgeListViewController.swift in Sources */ = {isa = PBXBuildFile; fileRef = EA9FAA40212A5B2900A3C3BA /* JFBasicKnowledgeListViewController.swift */; };
		EA9FAA51212A5B2A00A3C3BA /* JFPageMenuViewController.swift in Sources */ = {isa = PBXBuildFile; fileRef = EA9FAA43212A5B2A00A3C3BA /* JFPageMenuViewController.swift */; };
		EA9FAA52212A5B2A00A3C3BA /* JFPageChildFirstViewController.swift in Sources */ = {isa = PBXBuildFile; fileRef = EA9FAA44212A5B2A00A3C3BA /* JFPageChildFirstViewController.swift */; };
		EA9FAA53212A5B2A00A3C3BA /* JFPageChildSecondViewController.xib in Resources */ = {isa = PBXBuildFile; fileRef = EA9FAA45212A5B2A00A3C3BA /* JFPageChildSecondViewController.xib */; };
		EA9FAA54212A5B2A00A3C3BA /* JFPageChildSecondViewController.swift in Sources */ = {isa = PBXBuildFile; fileRef = EA9FAA46212A5B2A00A3C3BA /* JFPageChildSecondViewController.swift */; };
		EA9FAA55212A5B2A00A3C3BA /* JFPageChildFirstViewController.xib in Resources */ = {isa = PBXBuildFile; fileRef = EA9FAA47212A5B2A00A3C3BA /* JFPageChildFirstViewController.xib */; };
		EA9FAA59212A5B2A00A3C3BA /* JFBasicKnowledgeListViewController.xib in Resources */ = {isa = PBXBuildFile; fileRef = EA9FAA4B212A5B2A00A3C3BA /* JFBasicKnowledgeListViewController.xib */; };
		EA9FAA62212AA2A800A3C3BA /* JFNearViewController.xib in Resources */ = {isa = PBXBuildFile; fileRef = EA9FAA5F212AA2A800A3C3BA /* JFNearViewController.xib */; };
		EA9FAA63212AA2A800A3C3BA /* JFNearViewController.swift in Sources */ = {isa = PBXBuildFile; fileRef = EA9FAA60212AA2A800A3C3BA /* JFNearViewController.swift */; };
		EA9FAA65212AA32E00A3C3BA /* JFNearClassHearderView.swift in Sources */ = {isa = PBXBuildFile; fileRef = EA9FAA64212AA32E00A3C3BA /* JFNearClassHearderView.swift */; };
		EA9FAA67212AA33F00A3C3BA /* JFNearClassHearderView.xib in Resources */ = {isa = PBXBuildFile; fileRef = EA9FAA66212AA33F00A3C3BA /* JFNearClassHearderView.xib */; };
		EA9FAA69212AC3A900A3C3BA /* near.json in Resources */ = {isa = PBXBuildFile; fileRef = EA9FAA68212AC3A900A3C3BA /* near.json */; };
		EA9FAA6D212AC6F100A3C3BA /* JFNearModel.swift in Sources */ = {isa = PBXBuildFile; fileRef = EA9FAA6C212AC6F100A3C3BA /* JFNearModel.swift */; };
		EA9FAA70212BB69F00A3C3BA /* JFGuidePageView.swift in Sources */ = {isa = PBXBuildFile; fileRef = EA9FAA6F212BB69F00A3C3BA /* JFGuidePageView.swift */; };
		EA9FAA73212BB9AE00A3C3BA /* qidong.mp4 in Resources */ = {isa = PBXBuildFile; fileRef = EA9FAA72212BB9AE00A3C3BA /* qidong.mp4 */; };
		EA9FAA7B212BDFAF00A3C3BA /* guideImage8.gif in Resources */ = {isa = PBXBuildFile; fileRef = EA9FAA74212BDFAE00A3C3BA /* guideImage8.gif */; };
		EA9FAA7C212BDFAF00A3C3BA /* lead02.png in Resources */ = {isa = PBXBuildFile; fileRef = EA9FAA75212BDFAF00A3C3BA /* lead02.png */; };
		EA9FAA7D212BDFAF00A3C3BA /* guideImage6.gif in Resources */ = {isa = PBXBuildFile; fileRef = EA9FAA76212BDFAF00A3C3BA /* guideImage6.gif */; };
		EA9FAA7E212BDFAF00A3C3BA /* guideImage7.gif in Resources */ = {isa = PBXBuildFile; fileRef = EA9FAA77212BDFAF00A3C3BA /* guideImage7.gif */; };
		EA9FAA7F212BDFAF00A3C3BA /* lead01.png in Resources */ = {isa = PBXBuildFile; fileRef = EA9FAA78212BDFAF00A3C3BA /* lead01.png */; };
		EA9FAA80212BDFAF00A3C3BA /* guide_btn_bg@2x.png in Resources */ = {isa = PBXBuildFile; fileRef = EA9FAA79212BDFAF00A3C3BA /* guide_btn_bg@2x.png */; };
		EA9FAA81212BDFAF00A3C3BA /* lead03.png in Resources */ = {isa = PBXBuildFile; fileRef = EA9FAA7A212BDFAF00A3C3BA /* lead03.png */; };
		EA9FC5CE211D690C0053A56B /* JFMineCell.xib in Resources */ = {isa = PBXBuildFile; fileRef = EA9FC5CA211D690C0053A56B /* JFMineCell.xib */; };
		EA9FC5CF211D690C0053A56B /* JFMineCollectionCell.swift in Sources */ = {isa = PBXBuildFile; fileRef = EA9FC5CB211D690C0053A56B /* JFMineCollectionCell.swift */; };
		EA9FC5D0211D690C0053A56B /* JFMineCollectionCell.xib in Resources */ = {isa = PBXBuildFile; fileRef = EA9FC5CC211D690C0053A56B /* JFMineCollectionCell.xib */; };
		EA9FC5D1211D690C0053A56B /* JFMineCell.swift in Sources */ = {isa = PBXBuildFile; fileRef = EA9FC5CD211D690C0053A56B /* JFMineCell.swift */; };
		EA9FC5D4211D70BE0053A56B /* JFHomeActiveCell.swift in Sources */ = {isa = PBXBuildFile; fileRef = EA9FC5D2211D70BE0053A56B /* JFHomeActiveCell.swift */; };
		EA9FC5D5211D70BE0053A56B /* JFHomeActiveCell.xib in Resources */ = {isa = PBXBuildFile; fileRef = EA9FC5D3211D70BE0053A56B /* JFHomeActiveCell.xib */; };
		EA9FC5D8211D7A670053A56B /* JFHomeFeaturesCell.swift in Sources */ = {isa = PBXBuildFile; fileRef = EA9FC5D6211D7A670053A56B /* JFHomeFeaturesCell.swift */; };
		EA9FC5D9211D7A670053A56B /* JFHomeFeaturesCell.xib in Resources */ = {isa = PBXBuildFile; fileRef = EA9FC5D7211D7A670053A56B /* JFHomeFeaturesCell.xib */; };
		EA9FC5DC212117D50053A56B /* JFHomeTopCategoryCell.swift in Sources */ = {isa = PBXBuildFile; fileRef = EA9FC5DA212117D50053A56B /* JFHomeTopCategoryCell.swift */; };
		EA9FC5DD212117D50053A56B /* JFHomeTopCategoryCell.xib in Resources */ = {isa = PBXBuildFile; fileRef = EA9FC5DB212117D50053A56B /* JFHomeTopCategoryCell.xib */; };
		EA9FC5E0212118910053A56B /* JFHomeTopCategoryCollectionCell.swift in Sources */ = {isa = PBXBuildFile; fileRef = EA9FC5DE212118910053A56B /* JFHomeTopCategoryCollectionCell.swift */; };
		EA9FC5E1212118910053A56B /* JFHomeTopCategoryCollectionCell.xib in Resources */ = {isa = PBXBuildFile; fileRef = EA9FC5DF212118910053A56B /* JFHomeTopCategoryCollectionCell.xib */; };
		EA9FC5E4212122A90053A56B /* JFHomeClassCell.swift in Sources */ = {isa = PBXBuildFile; fileRef = EA9FC5E2212122A90053A56B /* JFHomeClassCell.swift */; };
		EA9FC5E5212122A90053A56B /* JFHomeClassCell.xib in Resources */ = {isa = PBXBuildFile; fileRef = EA9FC5E3212122A90053A56B /* JFHomeClassCell.xib */; };
		EA9FC5E8212122CA0053A56B /* JFClassCollectionCell.swift in Sources */ = {isa = PBXBuildFile; fileRef = EA9FC5E6212122CA0053A56B /* JFClassCollectionCell.swift */; };
		EA9FC5E9212122CA0053A56B /* JFClassCollectionCell.xib in Resources */ = {isa = PBXBuildFile; fileRef = EA9FC5E7212122CA0053A56B /* JFClassCollectionCell.xib */; };
		EA9FC5EB21214B950053A56B /* JFLog.swift in Sources */ = {isa = PBXBuildFile; fileRef = EA9FC5EA21214B950053A56B /* JFLog.swift */; };
		EA9FC60D21229C830053A56B /* JFCarouselCollectionCell.swift in Sources */ = {isa = PBXBuildFile; fileRef = EA9FC60721229C830053A56B /* JFCarouselCollectionCell.swift */; };
		EA9FC60E21229C830053A56B /* JFCarouseCell.swift in Sources */ = {isa = PBXBuildFile; fileRef = EA9FC60821229C830053A56B /* JFCarouseCell.swift */; };
		EA9FC60F21229C830053A56B /* JFCarouselView.swift in Sources */ = {isa = PBXBuildFile; fileRef = EA9FC60921229C830053A56B /* JFCarouselView.swift */; };
		EA9FC61021229C830053A56B /* JFCarouselView.xib in Resources */ = {isa = PBXBuildFile; fileRef = EA9FC60A21229C830053A56B /* JFCarouselView.xib */; };
		EA9FC61121229C830053A56B /* JFCarouseCell.xib in Resources */ = {isa = PBXBuildFile; fileRef = EA9FC60B21229C830053A56B /* JFCarouseCell.xib */; };
		EA9FC61221229C830053A56B /* JFCarouselCollectionCell.xib in Resources */ = {isa = PBXBuildFile; fileRef = EA9FC60C21229C830053A56B /* JFCarouselCollectionCell.xib */; };
		EA9FC6202122A6780053A56B /* order.json in Resources */ = {isa = PBXBuildFile; fileRef = EA9FC6152122A6780053A56B /* order.json */; };
		EA9FC6222122A6780053A56B /* main.json in Resources */ = {isa = PBXBuildFile; fileRef = EA9FC6192122A6780053A56B /* main.json */; };
		EA9FC6232122A6780053A56B /* mine.json in Resources */ = {isa = PBXBuildFile; fileRef = EA9FC61B2122A6780053A56B /* mine.json */; };
		EA9FC6252122A6780053A56B /* find.json in Resources */ = {isa = PBXBuildFile; fileRef = EA9FC61F2122A6780053A56B /* find.json */; };
		EA9FC6412124132E0053A56B /* JFSearchResultViewController.swift in Sources */ = {isa = PBXBuildFile; fileRef = EA9FC63F2124132E0053A56B /* JFSearchResultViewController.swift */; };
		EA9FC6422124132E0053A56B /* JFSearchResultViewController.xib in Resources */ = {isa = PBXBuildFile; fileRef = EA9FC6402124132E0053A56B /* JFSearchResultViewController.xib */; };
		EA9FC64521242F280053A56B /* JFWebViewController.swift in Sources */ = {isa = PBXBuildFile; fileRef = EA9FC64421242F280053A56B /* JFWebViewController.swift */; };
		EA9FC64721250F7F0053A56B /* JFEnum.swift in Sources */ = {isa = PBXBuildFile; fileRef = EA9FC64621250F7F0053A56B /* JFEnum.swift */; };
		EA9FC6492125162B0053A56B /* JFCommonModel.swift in Sources */ = {isa = PBXBuildFile; fileRef = EA9FC6482125162B0053A56B /* JFCommonModel.swift */; };
		EAD1BD0E21084DF400309E86 /* JFNoticeConst.swift in Sources */ = {isa = PBXBuildFile; fileRef = EAD1BD0D21084DF400309E86 /* JFNoticeConst.swift */; };
		EAD1BD1021084F9F00309E86 /* JFMacroConst.swift in Sources */ = {isa = PBXBuildFile; fileRef = EAD1BD0F21084F9F00309E86 /* JFMacroConst.swift */; };
/* End PBXBuildFile section */

/* Begin PBXFileReference section */
		411576AF5F919FB3E220C49B /* Pods-JFMeiTuan_Swift.debug.xcconfig */ = {isa = PBXFileReference; includeInIndex = 1; lastKnownFileType = text.xcconfig; name = "Pods-JFMeiTuan_Swift.debug.xcconfig"; path = "Pods/Target Support Files/Pods-JFMeiTuan_Swift/Pods-JFMeiTuan_Swift.debug.xcconfig"; sourceTree = "<group>"; };
		43F80F970124B124F7B8BB43 /* Pods_JFMeiTuan_Swift.framework */ = {isa = PBXFileReference; explicitFileType = wrapper.framework; includeInIndex = 0; path = Pods_JFMeiTuan_Swift.framework; sourceTree = BUILT_PRODUCTS_DIR; };
		5A1E05611F55A7F700C9DBA1 /* JFMeCell.swift */ = {isa = PBXFileReference; fileEncoding = 4; lastKnownFileType = sourcecode.swift; path = JFMeCell.swift; sourceTree = "<group>"; };
		5A4D4846212B0478000E5D22 /* nearAll.json */ = {isa = PBXFileReference; fileEncoding = 4; lastKnownFileType = text.json; path = nearAll.json; sourceTree = "<group>"; };
		5A4D4847212B0478000E5D22 /* nearLive.json */ = {isa = PBXFileReference; fileEncoding = 4; lastKnownFileType = text.json; path = nearLive.json; sourceTree = "<group>"; };
		5A4D4848212B0478000E5D22 /* nearPlay.json */ = {isa = PBXFileReference; fileEncoding = 4; lastKnownFileType = text.json; path = nearPlay.json; sourceTree = "<group>"; };
		5A4D4849212B0478000E5D22 /* nearFood.json */ = {isa = PBXFileReference; fileEncoding = 4; lastKnownFileType = text.json; path = nearFood.json; sourceTree = "<group>"; };
		5A4D484A212B0478000E5D22 /* nearHotel.json */ = {isa = PBXFileReference; fileEncoding = 4; lastKnownFileType = text.json; path = nearHotel.json; sourceTree = "<group>"; };
		5AB98BA3213146280070C5D6 /* BlurCell.swift */ = {isa = PBXFileReference; fileEncoding = 4; lastKnownFileType = sourcecode.swift; path = BlurCell.swift; sourceTree = "<group>"; };
		5AB98BA4213146280070C5D6 /* DescriptionCell.swift */ = {isa = PBXFileReference; fileEncoding = 4; lastKnownFileType = sourcecode.swift; path = DescriptionCell.swift; sourceTree = "<group>"; };
		5AB98BA5213146280070C5D6 /* RangeCell.swift */ = {isa = PBXFileReference; fileEncoding = 4; lastKnownFileType = sourcecode.swift; path = RangeCell.swift; sourceTree = "<group>"; };
		5AB98BA6213146280070C5D6 /* RegularCell.swift */ = {isa = PBXFileReference; fileEncoding = 4; lastKnownFileType = sourcecode.swift; path = RegularCell.swift; sourceTree = "<group>"; };
		5AB98BA7213146280070C5D6 /* TableCell.xib */ = {isa = PBXFileReference; fileEncoding = 4; lastKnownFileType = file.xib; path = TableCell.xib; sourceTree = "<group>"; };
		5AB98BAD21315D480070C5D6 /* homeTopCategoryCell.json */ = {isa = PBXFileReference; fileEncoding = 4; lastKnownFileType = text.json; path = homeTopCategoryCell.json; sourceTree = "<group>"; };
		5AB98BAF21316A0B0070C5D6 /* homeClass.json */ = {isa = PBXFileReference; fileEncoding = 4; lastKnownFileType = text.json; path = homeClass.json; sourceTree = "<group>"; };
		5AB98BB221322ED50070C5D6 /* UIImage+JFExtension.swift */ = {isa = PBXFileReference; lastKnownFileType = sourcecode.swift; path = "UIImage+JFExtension.swift"; sourceTree = "<group>"; };
		5AB98BB42132BA790070C5D6 /* homeNormal.json */ = {isa = PBXFileReference; fileEncoding = 4; lastKnownFileType = text.json; path = homeNormal.json; sourceTree = "<group>"; };
		6E9186FE1D2CDDA80244D864 /* Pods-JFMeiTuan_Swift.release.xcconfig */ = {isa = PBXFileReference; includeInIndex = 1; lastKnownFileType = text.xcconfig; name = "Pods-JFMeiTuan_Swift.release.xcconfig"; path = "Pods/Target Support Files/Pods-JFMeiTuan_Swift/Pods-JFMeiTuan_Swift.release.xcconfig"; sourceTree = "<group>"; };
		E81B50FE1F692A8F002EA405 /* JFHomeTotalCassCell.swift */ = {isa = PBXFileReference; fileEncoding = 4; lastKnownFileType = sourcecode.swift; path = JFHomeTotalCassCell.swift; sourceTree = "<group>"; };
		E81B51001F692AF1002EA405 /* JFHomeActivityCell.swift */ = {isa = PBXFileReference; fileEncoding = 4; lastKnownFileType = sourcecode.swift; path = JFHomeActivityCell.swift; sourceTree = "<group>"; };
		E81B51021F692B36002EA405 /* JFHomeTipCell.swift */ = {isa = PBXFileReference; fileEncoding = 4; lastKnownFileType = sourcecode.swift; path = JFHomeTipCell.swift; sourceTree = "<group>"; };
		E81B51061F692E74002EA405 /* JFAdvertisingCell.swift */ = {isa = PBXFileReference; fileEncoding = 4; lastKnownFileType = sourcecode.swift; path = JFAdvertisingCell.swift; sourceTree = "<group>"; };
		E81B51081F692F06002EA405 /* JFHomeLuckyDrawCell.swift */ = {isa = PBXFileReference; fileEncoding = 4; lastKnownFileType = sourcecode.swift; path = JFHomeLuckyDrawCell.swift; sourceTree = "<group>"; };
		E874E1B11F4E91BA003A29B1 /* JFMeiTuan_Swift.app */ = {isa = PBXFileReference; explicitFileType = wrapper.application; includeInIndex = 0; path = JFMeiTuan_Swift.app; sourceTree = BUILT_PRODUCTS_DIR; };
		E874E1B41F4E91BA003A29B1 /* AppDelegate.swift */ = {isa = PBXFileReference; lastKnownFileType = sourcecode.swift; path = AppDelegate.swift; sourceTree = "<group>"; };
		E874E1B61F4E91BA003A29B1 /* ViewController.swift */ = {isa = PBXFileReference; lastKnownFileType = sourcecode.swift; path = ViewController.swift; sourceTree = "<group>"; };
		E874E1B91F4E91BA003A29B1 /* Base */ = {isa = PBXFileReference; lastKnownFileType = file.storyboard; name = Base; path = Base.lproj/Main.storyboard; sourceTree = "<group>"; };
		E874E1BB1F4E91BA003A29B1 /* Assets.xcassets */ = {isa = PBXFileReference; lastKnownFileType = folder.assetcatalog; path = Assets.xcassets; sourceTree = "<group>"; };
		E874E1BE1F4E91BA003A29B1 /* Base */ = {isa = PBXFileReference; lastKnownFileType = file.storyboard; name = Base; path = Base.lproj/LaunchScreen.storyboard; sourceTree = "<group>"; };
		E874E1C01F4E91BA003A29B1 /* Info.plist */ = {isa = PBXFileReference; lastKnownFileType = text.plist.xml; path = Info.plist; sourceTree = "<group>"; };
		E874E2041F552CAB003A29B1 /* JFBaseNacigationController.swift */ = {isa = PBXFileReference; fileEncoding = 4; lastKnownFileType = sourcecode.swift; path = JFBaseNacigationController.swift; sourceTree = "<group>"; };
		E874E2051F552CAB003A29B1 /* JFBaseTabBarController.swift */ = {isa = PBXFileReference; fileEncoding = 4; lastKnownFileType = sourcecode.swift; path = JFBaseTabBarController.swift; sourceTree = "<group>"; };
		E874E2061F552CAB003A29B1 /* JFBaseViewController.swift */ = {isa = PBXFileReference; fileEncoding = 4; lastKnownFileType = sourcecode.swift; path = JFBaseViewController.swift; sourceTree = "<group>"; };
		E874E2181F557EC9003A29B1 /* JFHomeViewController.swift */ = {isa = PBXFileReference; fileEncoding = 4; lastKnownFileType = sourcecode.swift; path = JFHomeViewController.swift; sourceTree = "<group>"; wrapsLines = 0; };
		E874E21A1F5676D7003A29B1 /* JFMeHeaderCell.swift */ = {isa = PBXFileReference; fileEncoding = 4; lastKnownFileType = sourcecode.swift; path = JFMeHeaderCell.swift; sourceTree = "<group>"; };
		E874E21C1F567BD5003A29B1 /* JFListCell.swift */ = {isa = PBXFileReference; fileEncoding = 4; lastKnownFileType = sourcecode.swift; path = JFListCell.swift; sourceTree = "<group>"; };
		E874E2201F56A124003A29B1 /* JFMeListCellModel.swift */ = {isa = PBXFileReference; fileEncoding = 4; lastKnownFileType = sourcecode.swift; path = JFMeListCellModel.swift; sourceTree = "<group>"; };
		E874ECF81F590F40003A29B1 /* JFButton.swift */ = {isa = PBXFileReference; fileEncoding = 4; lastKnownFileType = sourcecode.swift; path = JFButton.swift; sourceTree = "<group>"; };
		E874ECFF1F5D2AA5003A29B1 /* JFStyle.swift */ = {isa = PBXFileReference; fileEncoding = 4; lastKnownFileType = sourcecode.swift; path = JFStyle.swift; sourceTree = "<group>"; };
		E874ED011F5D5703003A29B1 /* JFMeInfoModel.swift */ = {isa = PBXFileReference; fileEncoding = 4; lastKnownFileType = sourcecode.swift; path = JFMeInfoModel.swift; sourceTree = "<group>"; };
		E874ED031F5D5F54003A29B1 /* JFMeModel.swift */ = {isa = PBXFileReference; fileEncoding = 4; lastKnownFileType = sourcecode.swift; path = JFMeModel.swift; sourceTree = "<group>"; };
		EA1A0152212E422900255489 /* JFGuidePageTestViewController.swift */ = {isa = PBXFileReference; lastKnownFileType = sourcecode.swift; path = JFGuidePageTestViewController.swift; sourceTree = "<group>"; };
		EA1A0153212E422900255489 /* JFGuidePageTestViewController.xib */ = {isa = PBXFileReference; lastKnownFileType = file.xib; path = JFGuidePageTestViewController.xib; sourceTree = "<group>"; };
		EA1A0157212E4D3A00255489 /* JFSendValueViewController.xib */ = {isa = PBXFileReference; fileEncoding = 4; lastKnownFileType = file.xib; path = JFSendValueViewController.xib; sourceTree = "<group>"; };
		EA1A0158212E4D3A00255489 /* JFSendSingleton.swift */ = {isa = PBXFileReference; fileEncoding = 4; lastKnownFileType = sourcecode.swift; path = JFSendSingleton.swift; sourceTree = "<group>"; };
		EA1A0159212E4D3A00255489 /* JFSendValueViewController.swift */ = {isa = PBXFileReference; fileEncoding = 4; lastKnownFileType = sourcecode.swift; path = JFSendValueViewController.swift; sourceTree = "<group>"; };
		EA1A015A212E4D3A00255489 /* JFReceiveValueViewController.xib */ = {isa = PBXFileReference; fileEncoding = 4; lastKnownFileType = file.xib; path = JFReceiveValueViewController.xib; sourceTree = "<group>"; };
		EA1A015B212E4D3A00255489 /* JFReceiveValueViewController.swift */ = {isa = PBXFileReference; fileEncoding = 4; lastKnownFileType = sourcecode.swift; path = JFReceiveValueViewController.swift; sourceTree = "<group>"; };
		EA1A0162212E4DA100255489 /* JFTestCarouseViewController.swift */ = {isa = PBXFileReference; fileEncoding = 4; lastKnownFileType = sourcecode.swift; path = JFTestCarouseViewController.swift; sourceTree = "<group>"; };
		EA1A0163212E4DA100255489 /* JFTestCarouseViewController.xib */ = {isa = PBXFileReference; fileEncoding = 4; lastKnownFileType = file.xib; path = JFTestCarouseViewController.xib; sourceTree = "<group>"; };
		EA1A016A212E7C4800255489 /* JFModularTableViewController.swift */ = {isa = PBXFileReference; lastKnownFileType = sourcecode.swift; path = JFModularTableViewController.swift; sourceTree = "<group>"; };
		EA1A016B212E7C4800255489 /* JFModularTableViewController.xib */ = {isa = PBXFileReference; lastKnownFileType = file.xib; path = JFModularTableViewController.xib; sourceTree = "<group>"; };
		EA1A0174212E7F5F00255489 /* ModularModel.swift */ = {isa = PBXFileReference; lastKnownFileType = sourcecode.swift; path = ModularModel.swift; sourceTree = "<group>"; };
		EA1A0176212EB34900255489 /* JFImageTestCell.swift */ = {isa = PBXFileReference; lastKnownFileType = sourcecode.swift; path = JFImageTestCell.swift; sourceTree = "<group>"; };
		EA1A0178212F909B00255489 /* JFSildeTestCell.swift */ = {isa = PBXFileReference; lastKnownFileType = sourcecode.swift; path = JFSildeTestCell.swift; sourceTree = "<group>"; };
		EA1A017A212F90ED00255489 /* JFSelectTestCell.swift */ = {isa = PBXFileReference; lastKnownFileType = sourcecode.swift; path = JFSelectTestCell.swift; sourceTree = "<group>"; };
		EA1A01AD212FF96D00255489 /* JFModularTestCell.swift */ = {isa = PBXFileReference; lastKnownFileType = sourcecode.swift; path = JFModularTestCell.swift; sourceTree = "<group>"; };
		EA1A01BB2130014200255489 /* TableNode.swift */ = {isa = PBXFileReference; fileEncoding = 4; lastKnownFileType = sourcecode.swift; path = TableNode.swift; sourceTree = "<group>"; };
		EA1A01BD2130019900255489 /* PushedCtr.swift */ = {isa = PBXFileReference; fileEncoding = 4; lastKnownFileType = sourcecode.swift; path = PushedCtr.swift; sourceTree = "<group>"; };
		EA1A01BF213001BD00255489 /* JFTestVC.swift */ = {isa = PBXFileReference; lastKnownFileType = sourcecode.swift; path = JFTestVC.swift; sourceTree = "<group>"; };
		EA1A01C12130072F00255489 /* test.xib */ = {isa = PBXFileReference; lastKnownFileType = file.xib; path = test.xib; sourceTree = "<group>"; };
		EA1A01C621338C1500255489 /* JFVideoPlayerViewController.swift */ = {isa = PBXFileReference; lastKnownFileType = sourcecode.swift; path = JFVideoPlayerViewController.swift; sourceTree = "<group>"; };
		EA1A01CA2133CCA600255489 /* JFSelectCityViewController.swift */ = {isa = PBXFileReference; fileEncoding = 4; lastKnownFileType = sourcecode.swift; path = JFSelectCityViewController.swift; sourceTree = "<group>"; };
		EA1A01CF2133CD8400255489 /* JFDomesticViewController.swift */ = {isa = PBXFileReference; lastKnownFileType = sourcecode.swift; path = JFDomesticViewController.swift; sourceTree = "<group>"; };
		EA1A01D02133CD8400255489 /* JFDomesticViewController.xib */ = {isa = PBXFileReference; lastKnownFileType = file.xib; path = JFDomesticViewController.xib; sourceTree = "<group>"; };
		EA1A01D32133CD9C00255489 /* JFInternationalViewController.swift */ = {isa = PBXFileReference; lastKnownFileType = sourcecode.swift; path = JFInternationalViewController.swift; sourceTree = "<group>"; };
		EA1A01D42133CD9C00255489 /* JFInternationalViewController.xib */ = {isa = PBXFileReference; lastKnownFileType = file.xib; path = JFInternationalViewController.xib; sourceTree = "<group>"; };
		EA1A75C4211AF1AE000BF3E2 /* JFWalkChildViewController.swift */ = {isa = PBXFileReference; fileEncoding = 4; lastKnownFileType = sourcecode.swift; path = JFWalkChildViewController.swift; sourceTree = "<group>"; };
		EA1A75C5211AF1AE000BF3E2 /* JFwalkViewController.swift */ = {isa = PBXFileReference; fileEncoding = 4; lastKnownFileType = sourcecode.swift; path = JFwalkViewController.swift; sourceTree = "<group>"; };
		EA1A75C6211AF1AE000BF3E2 /* JFWalkChildViewController.xib */ = {isa = PBXFileReference; fileEncoding = 4; lastKnownFileType = file.xib; path = JFWalkChildViewController.xib; sourceTree = "<group>"; };
		EA1A75CB211AF260000BF3E2 /* JFWeakNormalCell.swift */ = {isa = PBXFileReference; lastKnownFileType = sourcecode.swift; path = JFWeakNormalCell.swift; sourceTree = "<group>"; };
		EA1A75CC211AF260000BF3E2 /* JFWeakNormalCell.xib */ = {isa = PBXFileReference; lastKnownFileType = file.xib; path = JFWeakNormalCell.xib; sourceTree = "<group>"; };
		EA1A75ED211BCA6E000BF3E2 /* JFUrlConst.swift */ = {isa = PBXFileReference; lastKnownFileType = sourcecode.swift; path = JFUrlConst.swift; sourceTree = "<group>"; };
		EA1A75EF211BECCC000BF3E2 /* JFWalkVideoCell.swift */ = {isa = PBXFileReference; lastKnownFileType = sourcecode.swift; path = JFWalkVideoCell.swift; sourceTree = "<group>"; };
		EA1A75F0211BECCC000BF3E2 /* JFWalkVideoCell.xib */ = {isa = PBXFileReference; lastKnownFileType = file.xib; path = JFWalkVideoCell.xib; sourceTree = "<group>"; };
		EA1A75F9211C154D000BF3E2 /* JFOrderViewController.swift */ = {isa = PBXFileReference; fileEncoding = 4; lastKnownFileType = sourcecode.swift; path = JFOrderViewController.swift; sourceTree = "<group>"; };
		EA1A75FA211C154D000BF3E2 /* JFOrderViewController.xib */ = {isa = PBXFileReference; fileEncoding = 4; lastKnownFileType = file.xib; path = JFOrderViewController.xib; sourceTree = "<group>"; };
		EA1A75FE211C15A8000BF3E2 /* JFOrderTopCategoryCell.swift */ = {isa = PBXFileReference; lastKnownFileType = sourcecode.swift; path = JFOrderTopCategoryCell.swift; sourceTree = "<group>"; };
		EA1A75FF211C15A8000BF3E2 /* JFOrderTopCategoryCell.xib */ = {isa = PBXFileReference; lastKnownFileType = file.xib; path = JFOrderTopCategoryCell.xib; sourceTree = "<group>"; };
		EA1A7602211C19CC000BF3E2 /* JFRecentOrderCell.swift */ = {isa = PBXFileReference; lastKnownFileType = sourcecode.swift; path = JFRecentOrderCell.swift; sourceTree = "<group>"; };
		EA1A7603211C19CC000BF3E2 /* JFRecentOrderCell.xib */ = {isa = PBXFileReference; lastKnownFileType = file.xib; path = JFRecentOrderCell.xib; sourceTree = "<group>"; };
		EA1A7606211C1C8C000BF3E2 /* JFRecentSubOrderCell.swift */ = {isa = PBXFileReference; lastKnownFileType = sourcecode.swift; path = JFRecentSubOrderCell.swift; sourceTree = "<group>"; };
		EA1A7607211C1C8C000BF3E2 /* JFRecentSubOrderCell.xib */ = {isa = PBXFileReference; lastKnownFileType = file.xib; path = JFRecentSubOrderCell.xib; sourceTree = "<group>"; };
		EA1A760A211C3861000BF3E2 /* JFRecentViewOrderCell.swift */ = {isa = PBXFileReference; lastKnownFileType = sourcecode.swift; path = JFRecentViewOrderCell.swift; sourceTree = "<group>"; };
		EA1A760B211C3861000BF3E2 /* JFRecentViewOrderCell.xib */ = {isa = PBXFileReference; lastKnownFileType = file.xib; path = JFRecentViewOrderCell.xib; sourceTree = "<group>"; };
		EA1A7612211C391E000BF3E2 /* JFNormalOrderCell.swift */ = {isa = PBXFileReference; lastKnownFileType = sourcecode.swift; path = JFNormalOrderCell.swift; sourceTree = "<group>"; };
		EA1A7613211C391E000BF3E2 /* JFNormalOrderCell.xib */ = {isa = PBXFileReference; lastKnownFileType = file.xib; path = JFNormalOrderCell.xib; sourceTree = "<group>"; };
		EA1A7619211C4924000BF3E2 /* JFBaseNetwork.swift */ = {isa = PBXFileReference; fileEncoding = 4; lastKnownFileType = sourcecode.swift; path = JFBaseNetwork.swift; sourceTree = "<group>"; };
		EA1A763C211D2C61000BF3E2 /* JFMineViewController.swift */ = {isa = PBXFileReference; fileEncoding = 4; lastKnownFileType = sourcecode.swift; path = JFMineViewController.swift; sourceTree = "<group>"; };
		EA1A763D211D2C61000BF3E2 /* JFMeViewController.swift */ = {isa = PBXFileReference; fileEncoding = 4; lastKnownFileType = sourcecode.swift; path = JFMeViewController.swift; sourceTree = "<group>"; };
		EA1A763E211D2C61000BF3E2 /* JFMineViewController.xib */ = {isa = PBXFileReference; fileEncoding = 4; lastKnownFileType = file.xib; path = JFMineViewController.xib; sourceTree = "<group>"; };
		EA1A7642211D3961000BF3E2 /* JFMineTopCategoryCell.swift */ = {isa = PBXFileReference; lastKnownFileType = sourcecode.swift; path = JFMineTopCategoryCell.swift; sourceTree = "<group>"; };
		EA1A7643211D3961000BF3E2 /* JFMineTopCategoryCell.xib */ = {isa = PBXFileReference; lastKnownFileType = file.xib; path = JFMineTopCategoryCell.xib; sourceTree = "<group>"; };
		EA1A7646211D40AE000BF3E2 /* JFMineActiveCell.swift */ = {isa = PBXFileReference; lastKnownFileType = sourcecode.swift; path = JFMineActiveCell.swift; sourceTree = "<group>"; };
		EA1A7647211D40AE000BF3E2 /* JFMineActiveCell.xib */ = {isa = PBXFileReference; lastKnownFileType = file.xib; path = JFMineActiveCell.xib; sourceTree = "<group>"; };
		EA1A764A211D58DA000BF3E2 /* JFMineAcconutCell.swift */ = {isa = PBXFileReference; lastKnownFileType = sourcecode.swift; path = JFMineAcconutCell.swift; sourceTree = "<group>"; };
		EA1A764B211D58DA000BF3E2 /* JFMineAcconutCell.xib */ = {isa = PBXFileReference; lastKnownFileType = file.xib; path = JFMineAcconutCell.xib; sourceTree = "<group>"; };
		EA7D6BF521256F22009947F2 /* mineService.json */ = {isa = PBXFileReference; fileEncoding = 4; lastKnownFileType = text.json; path = mineService.json; sourceTree = "<group>"; };
		EA7D6BF72125733B009947F2 /* tabbar.json */ = {isa = PBXFileReference; fileEncoding = 4; lastKnownFileType = text.json; path = tabbar.json; sourceTree = "<group>"; };
		EA7D6BF9212574BB009947F2 /* home.json */ = {isa = PBXFileReference; fileEncoding = 4; lastKnownFileType = text.json; path = home.json; sourceTree = "<group>"; };
		EA9D49F0210B127600ED4760 /* JFHomeConmonModel.swift */ = {isa = PBXFileReference; lastKnownFileType = sourcecode.swift; path = JFHomeConmonModel.swift; sourceTree = "<group>"; };
		EA9D49F2210B136E00ED4760 /* JFHomeNormalCell.swift */ = {isa = PBXFileReference; lastKnownFileType = sourcecode.swift; path = JFHomeNormalCell.swift; sourceTree = "<group>"; };
		EA9D49F3210B136E00ED4760 /* JFHomeNormalCell.xib */ = {isa = PBXFileReference; lastKnownFileType = file.xib; path = JFHomeNormalCell.xib; sourceTree = "<group>"; };
		EA9FAA40212A5B2900A3C3BA /* JFBasicKnowledgeListViewController.swift */ = {isa = PBXFileReference; fileEncoding = 4; lastKnownFileType = sourcecode.swift; path = JFBasicKnowledgeListViewController.swift; sourceTree = "<group>"; };
		EA9FAA43212A5B2A00A3C3BA /* JFPageMenuViewController.swift */ = {isa = PBXFileReference; fileEncoding = 4; lastKnownFileType = sourcecode.swift; path = JFPageMenuViewController.swift; sourceTree = "<group>"; };
		EA9FAA44212A5B2A00A3C3BA /* JFPageChildFirstViewController.swift */ = {isa = PBXFileReference; fileEncoding = 4; lastKnownFileType = sourcecode.swift; path = JFPageChildFirstViewController.swift; sourceTree = "<group>"; };
		EA9FAA45212A5B2A00A3C3BA /* JFPageChildSecondViewController.xib */ = {isa = PBXFileReference; fileEncoding = 4; lastKnownFileType = file.xib; path = JFPageChildSecondViewController.xib; sourceTree = "<group>"; };
		EA9FAA46212A5B2A00A3C3BA /* JFPageChildSecondViewController.swift */ = {isa = PBXFileReference; fileEncoding = 4; lastKnownFileType = sourcecode.swift; path = JFPageChildSecondViewController.swift; sourceTree = "<group>"; };
		EA9FAA47212A5B2A00A3C3BA /* JFPageChildFirstViewController.xib */ = {isa = PBXFileReference; fileEncoding = 4; lastKnownFileType = file.xib; path = JFPageChildFirstViewController.xib; sourceTree = "<group>"; };
		EA9FAA4B212A5B2A00A3C3BA /* JFBasicKnowledgeListViewController.xib */ = {isa = PBXFileReference; fileEncoding = 4; lastKnownFileType = file.xib; path = JFBasicKnowledgeListViewController.xib; sourceTree = "<group>"; };
		EA9FAA5F212AA2A800A3C3BA /* JFNearViewController.xib */ = {isa = PBXFileReference; fileEncoding = 4; lastKnownFileType = file.xib; path = JFNearViewController.xib; sourceTree = "<group>"; };
		EA9FAA60212AA2A800A3C3BA /* JFNearViewController.swift */ = {isa = PBXFileReference; fileEncoding = 4; lastKnownFileType = sourcecode.swift; path = JFNearViewController.swift; sourceTree = "<group>"; };
		EA9FAA64212AA32E00A3C3BA /* JFNearClassHearderView.swift */ = {isa = PBXFileReference; lastKnownFileType = sourcecode.swift; path = JFNearClassHearderView.swift; sourceTree = "<group>"; };
		EA9FAA66212AA33F00A3C3BA /* JFNearClassHearderView.xib */ = {isa = PBXFileReference; lastKnownFileType = file.xib; path = JFNearClassHearderView.xib; sourceTree = "<group>"; };
		EA9FAA68212AC3A900A3C3BA /* near.json */ = {isa = PBXFileReference; fileEncoding = 4; lastKnownFileType = text.json; path = near.json; sourceTree = "<group>"; };
		EA9FAA6C212AC6F100A3C3BA /* JFNearModel.swift */ = {isa = PBXFileReference; lastKnownFileType = sourcecode.swift; path = JFNearModel.swift; sourceTree = "<group>"; };
		EA9FAA6F212BB69F00A3C3BA /* JFGuidePageView.swift */ = {isa = PBXFileReference; lastKnownFileType = sourcecode.swift; path = JFGuidePageView.swift; sourceTree = "<group>"; };
		EA9FAA72212BB9AE00A3C3BA /* qidong.mp4 */ = {isa = PBXFileReference; lastKnownFileType = file; path = qidong.mp4; sourceTree = "<group>"; };
		EA9FAA74212BDFAE00A3C3BA /* guideImage8.gif */ = {isa = PBXFileReference; lastKnownFileType = image.gif; path = guideImage8.gif; sourceTree = "<group>"; };
		EA9FAA75212BDFAF00A3C3BA /* lead02.png */ = {isa = PBXFileReference; lastKnownFileType = image.png; path = lead02.png; sourceTree = "<group>"; };
		EA9FAA76212BDFAF00A3C3BA /* guideImage6.gif */ = {isa = PBXFileReference; lastKnownFileType = image.gif; path = guideImage6.gif; sourceTree = "<group>"; };
		EA9FAA77212BDFAF00A3C3BA /* guideImage7.gif */ = {isa = PBXFileReference; lastKnownFileType = image.gif; path = guideImage7.gif; sourceTree = "<group>"; };
		EA9FAA78212BDFAF00A3C3BA /* lead01.png */ = {isa = PBXFileReference; lastKnownFileType = image.png; path = lead01.png; sourceTree = "<group>"; };
		EA9FAA79212BDFAF00A3C3BA /* guide_btn_bg@2x.png */ = {isa = PBXFileReference; lastKnownFileType = image.png; path = "guide_btn_bg@2x.png"; sourceTree = "<group>"; };
		EA9FAA7A212BDFAF00A3C3BA /* lead03.png */ = {isa = PBXFileReference; lastKnownFileType = image.png; path = lead03.png; sourceTree = "<group>"; };
		EA9FC5CA211D690C0053A56B /* JFMineCell.xib */ = {isa = PBXFileReference; fileEncoding = 4; lastKnownFileType = file.xib; path = JFMineCell.xib; sourceTree = "<group>"; };
		EA9FC5CB211D690C0053A56B /* JFMineCollectionCell.swift */ = {isa = PBXFileReference; fileEncoding = 4; lastKnownFileType = sourcecode.swift; path = JFMineCollectionCell.swift; sourceTree = "<group>"; };
		EA9FC5CC211D690C0053A56B /* JFMineCollectionCell.xib */ = {isa = PBXFileReference; fileEncoding = 4; lastKnownFileType = file.xib; path = JFMineCollectionCell.xib; sourceTree = "<group>"; };
		EA9FC5CD211D690C0053A56B /* JFMineCell.swift */ = {isa = PBXFileReference; fileEncoding = 4; lastKnownFileType = sourcecode.swift; path = JFMineCell.swift; sourceTree = "<group>"; };
		EA9FC5D2211D70BE0053A56B /* JFHomeActiveCell.swift */ = {isa = PBXFileReference; lastKnownFileType = sourcecode.swift; path = JFHomeActiveCell.swift; sourceTree = "<group>"; };
		EA9FC5D3211D70BE0053A56B /* JFHomeActiveCell.xib */ = {isa = PBXFileReference; lastKnownFileType = file.xib; path = JFHomeActiveCell.xib; sourceTree = "<group>"; };
		EA9FC5D6211D7A670053A56B /* JFHomeFeaturesCell.swift */ = {isa = PBXFileReference; lastKnownFileType = sourcecode.swift; path = JFHomeFeaturesCell.swift; sourceTree = "<group>"; };
		EA9FC5D7211D7A670053A56B /* JFHomeFeaturesCell.xib */ = {isa = PBXFileReference; lastKnownFileType = file.xib; path = JFHomeFeaturesCell.xib; sourceTree = "<group>"; };
		EA9FC5DA212117D50053A56B /* JFHomeTopCategoryCell.swift */ = {isa = PBXFileReference; lastKnownFileType = sourcecode.swift; path = JFHomeTopCategoryCell.swift; sourceTree = "<group>"; };
		EA9FC5DB212117D50053A56B /* JFHomeTopCategoryCell.xib */ = {isa = PBXFileReference; lastKnownFileType = file.xib; path = JFHomeTopCategoryCell.xib; sourceTree = "<group>"; };
		EA9FC5DE212118910053A56B /* JFHomeTopCategoryCollectionCell.swift */ = {isa = PBXFileReference; lastKnownFileType = sourcecode.swift; path = JFHomeTopCategoryCollectionCell.swift; sourceTree = "<group>"; };
		EA9FC5DF212118910053A56B /* JFHomeTopCategoryCollectionCell.xib */ = {isa = PBXFileReference; lastKnownFileType = file.xib; path = JFHomeTopCategoryCollectionCell.xib; sourceTree = "<group>"; };
		EA9FC5E2212122A90053A56B /* JFHomeClassCell.swift */ = {isa = PBXFileReference; lastKnownFileType = sourcecode.swift; path = JFHomeClassCell.swift; sourceTree = "<group>"; };
		EA9FC5E3212122A90053A56B /* JFHomeClassCell.xib */ = {isa = PBXFileReference; lastKnownFileType = file.xib; path = JFHomeClassCell.xib; sourceTree = "<group>"; };
		EA9FC5E6212122CA0053A56B /* JFClassCollectionCell.swift */ = {isa = PBXFileReference; lastKnownFileType = sourcecode.swift; path = JFClassCollectionCell.swift; sourceTree = "<group>"; };
		EA9FC5E7212122CA0053A56B /* JFClassCollectionCell.xib */ = {isa = PBXFileReference; lastKnownFileType = file.xib; path = JFClassCollectionCell.xib; sourceTree = "<group>"; };
		EA9FC5EA21214B950053A56B /* JFLog.swift */ = {isa = PBXFileReference; lastKnownFileType = sourcecode.swift; path = JFLog.swift; sourceTree = "<group>"; };
		EA9FC60721229C830053A56B /* JFCarouselCollectionCell.swift */ = {isa = PBXFileReference; fileEncoding = 4; lastKnownFileType = sourcecode.swift; path = JFCarouselCollectionCell.swift; sourceTree = "<group>"; };
		EA9FC60821229C830053A56B /* JFCarouseCell.swift */ = {isa = PBXFileReference; fileEncoding = 4; lastKnownFileType = sourcecode.swift; path = JFCarouseCell.swift; sourceTree = "<group>"; };
		EA9FC60921229C830053A56B /* JFCarouselView.swift */ = {isa = PBXFileReference; fileEncoding = 4; lastKnownFileType = sourcecode.swift; path = JFCarouselView.swift; sourceTree = "<group>"; };
		EA9FC60A21229C830053A56B /* JFCarouselView.xib */ = {isa = PBXFileReference; fileEncoding = 4; lastKnownFileType = file.xib; path = JFCarouselView.xib; sourceTree = "<group>"; };
		EA9FC60B21229C830053A56B /* JFCarouseCell.xib */ = {isa = PBXFileReference; fileEncoding = 4; lastKnownFileType = file.xib; path = JFCarouseCell.xib; sourceTree = "<group>"; };
		EA9FC60C21229C830053A56B /* JFCarouselCollectionCell.xib */ = {isa = PBXFileReference; fileEncoding = 4; lastKnownFileType = file.xib; path = JFCarouselCollectionCell.xib; sourceTree = "<group>"; };
		EA9FC6152122A6780053A56B /* order.json */ = {isa = PBXFileReference; fileEncoding = 4; lastKnownFileType = text.json; path = order.json; sourceTree = "<group>"; };
		EA9FC6192122A6780053A56B /* main.json */ = {isa = PBXFileReference; fileEncoding = 4; lastKnownFileType = text.json; path = main.json; sourceTree = "<group>"; };
		EA9FC61B2122A6780053A56B /* mine.json */ = {isa = PBXFileReference; fileEncoding = 4; lastKnownFileType = text.json; path = mine.json; sourceTree = "<group>"; };
		EA9FC61F2122A6780053A56B /* find.json */ = {isa = PBXFileReference; fileEncoding = 4; lastKnownFileType = text.json; path = find.json; sourceTree = "<group>"; };
		EA9FC63F2124132E0053A56B /* JFSearchResultViewController.swift */ = {isa = PBXFileReference; lastKnownFileType = sourcecode.swift; path = JFSearchResultViewController.swift; sourceTree = "<group>"; };
		EA9FC6402124132E0053A56B /* JFSearchResultViewController.xib */ = {isa = PBXFileReference; lastKnownFileType = file.xib; path = JFSearchResultViewController.xib; sourceTree = "<group>"; };
		EA9FC64421242F280053A56B /* JFWebViewController.swift */ = {isa = PBXFileReference; fileEncoding = 4; lastKnownFileType = sourcecode.swift; path = JFWebViewController.swift; sourceTree = "<group>"; };
		EA9FC64621250F7F0053A56B /* JFEnum.swift */ = {isa = PBXFileReference; lastKnownFileType = sourcecode.swift; path = JFEnum.swift; sourceTree = "<group>"; };
		EA9FC6482125162B0053A56B /* JFCommonModel.swift */ = {isa = PBXFileReference; lastKnownFileType = sourcecode.swift; path = JFCommonModel.swift; sourceTree = "<group>"; };
		EAD1BD0D21084DF400309E86 /* JFNoticeConst.swift */ = {isa = PBXFileReference; lastKnownFileType = sourcecode.swift; path = JFNoticeConst.swift; sourceTree = "<group>"; };
		EAD1BD0F21084F9F00309E86 /* JFMacroConst.swift */ = {isa = PBXFileReference; lastKnownFileType = sourcecode.swift; path = JFMacroConst.swift; sourceTree = "<group>"; };
/* End PBXFileReference section */

/* Begin PBXFrameworksBuildPhase section */
		E874E1AE1F4E91BA003A29B1 /* Frameworks */ = {
			isa = PBXFrameworksBuildPhase;
			buildActionMask = 2147483647;
			files = (
				A3A52610497E2CB4270346AB /* Pods_JFMeiTuan_Swift.framework in Frameworks */,
			);
			runOnlyForDeploymentPostprocessing = 0;
		};
/* End PBXFrameworksBuildPhase section */

/* Begin PBXGroup section */
		5A1E055E1F55A5CC00C9DBA1 /* Common(公共) */ = {
			isa = PBXGroup;
			children = (
				5AB98BB121322EA20070C5D6 /* JFExtension */,
				E8CF74C11FB19C6F00FE8F17 /* JFConst */,
				E874E21F1F56A0DA003A29B1 /* JFModel */,
				E874E21E1F567D42003A29B1 /* JFStyle */,
				5A1E05601F55A7BD00C9DBA1 /* JFViewComponent */,
			);
			name = "Common(公共)";
			path = Common;
			sourceTree = "<group>";
		};
		5A1E05601F55A7BD00C9DBA1 /* JFViewComponent */ = {
			isa = PBXGroup;
			children = (
				EA1A01C321338AB800255489 /* JFVideoPlayer */,
				5AB98BB62132EFC10070C5D6 /* JFSelectCityViewController */,
				EA9FC6262122CC1C0053A56B /* JFSearchController */,
				EA9FC60621229C830053A56B /* JFCarouselView */,
				5A1E05611F55A7F700C9DBA1 /* JFMeCell.swift */,
				E874E21A1F5676D7003A29B1 /* JFMeHeaderCell.swift */,
				E874E21C1F567BD5003A29B1 /* JFListCell.swift */,
				E874ECF81F590F40003A29B1 /* JFButton.swift */,
			);
			name = JFViewComponent;
			path = ViewComponent;
			sourceTree = "<group>";
		};
		5AB98BA2213146280070C5D6 /* Cell */ = {
			isa = PBXGroup;
			children = (
				5AB98BA3213146280070C5D6 /* BlurCell.swift */,
				5AB98BA4213146280070C5D6 /* DescriptionCell.swift */,
				5AB98BA5213146280070C5D6 /* RangeCell.swift */,
				5AB98BA6213146280070C5D6 /* RegularCell.swift */,
				5AB98BA7213146280070C5D6 /* TableCell.xib */,
			);
			path = Cell;
			sourceTree = "<group>";
		};
		5AB98BB121322EA20070C5D6 /* JFExtension */ = {
			isa = PBXGroup;
			children = (
				5AB98BB221322ED50070C5D6 /* UIImage+JFExtension.swift */,
			);
			path = JFExtension;
			sourceTree = "<group>";
		};
		5AB98BB62132EFC10070C5D6 /* JFSelectCityViewController */ = {
			isa = PBXGroup;
			children = (
				EA1A01C82133CCA600255489 /* Controller */,
				EA1A01CB2133CCA600255489 /* Model */,
				EA1A01CC2133CCA700255489 /* View */,
			);
			path = JFSelectCityViewController;
			sourceTree = "<group>";
		};
		5C724BE349BC825B89F8A477 /* Frameworks */ = {
			isa = PBXGroup;
			children = (
				43F80F970124B124F7B8BB43 /* Pods_JFMeiTuan_Swift.framework */,
			);
			name = Frameworks;
			sourceTree = "<group>";
		};
		5FA3266C9E2D77D78DFE84DA /* Pods */ = {
			isa = PBXGroup;
			children = (
				411576AF5F919FB3E220C49B /* Pods-JFMeiTuan_Swift.debug.xcconfig */,
				6E9186FE1D2CDDA80244D864 /* Pods-JFMeiTuan_Swift.release.xcconfig */,
			);
			name = Pods;
			sourceTree = "<group>";
		};
		E874E1A81F4E91BA003A29B1 = {
			isa = PBXGroup;
			children = (
				E874E1B31F4E91BA003A29B1 /* JFMeiTuan_Swift */,
				E874E1B21F4E91BA003A29B1 /* Products */,
				5FA3266C9E2D77D78DFE84DA /* Pods */,
				5C724BE349BC825B89F8A477 /* Frameworks */,
			);
			sourceTree = "<group>";
		};
		E874E1B21F4E91BA003A29B1 /* Products */ = {
			isa = PBXGroup;
			children = (
				E874E1B11F4E91BA003A29B1 /* JFMeiTuan_Swift.app */,
			);
			name = Products;
			sourceTree = "<group>";
		};
		E874E1B31F4E91BA003A29B1 /* JFMeiTuan_Swift */ = {
			isa = PBXGroup;
			children = (
				E874E1C61F4E9791003A29B1 /* Classes */,
				E874E1B41F4E91BA003A29B1 /* AppDelegate.swift */,
				E874E1B61F4E91BA003A29B1 /* ViewController.swift */,
				E874E1B81F4E91BA003A29B1 /* Main.storyboard */,
				E874E1BB1F4E91BA003A29B1 /* Assets.xcassets */,
				E874E1BD1F4E91BA003A29B1 /* LaunchScreen.storyboard */,
				E874E1C01F4E91BA003A29B1 /* Info.plist */,
			);
			path = JFMeiTuan_Swift;
			sourceTree = "<group>";
		};
		E874E1C61F4E9791003A29B1 /* Classes */ = {
			isa = PBXGroup;
			children = (
				EA9FAA6E212BB60500A3C3BA /* JFGuidePage */,
				EA9FAA3F212A5B2900A3C3BA /* BasicKnowledge */,
				EA9FC64321242F280053A56B /* WebView */,
				EA9FC6132122A6780053A56B /* Resource */,
				EA1A7616211C48E6000BF3E2 /* NetWork */,
				5A1E055E1F55A5CC00C9DBA1 /* Common(公共) */,
				E874E1FE1F552C72003A29B1 /* BaseClass(基类) */,
				E874E1FF1F552C72003A29B1 /* Home(首页) */,
				E874E2001F552C72003A29B1 /* Order(订单) */,
				E874E2011F552C72003A29B1 /* Me(我的) */,
				E874E2021F552C72003A29B1 /* Near(附近) */,
				E874E2031F552C72003A29B1 /* Walk(逛一逛) */,
			);
			path = Classes;
			sourceTree = "<group>";
		};
		E874E1FE1F552C72003A29B1 /* BaseClass(基类) */ = {
			isa = PBXGroup;
			children = (
				E874E2041F552CAB003A29B1 /* JFBaseNacigationController.swift */,
				E874E2051F552CAB003A29B1 /* JFBaseTabBarController.swift */,
				E874E2061F552CAB003A29B1 /* JFBaseViewController.swift */,
			);
			name = "BaseClass(基类)";
			path = BaseClass;
			sourceTree = "<group>";
		};
		E874E1FF1F552C72003A29B1 /* Home(首页) */ = {
			isa = PBXGroup;
			children = (
				EA9D49EF210B122000ED4760 /* Model */,
				E874E2161F557E95003A29B1 /* Controller */,
				E874E2171F557E95003A29B1 /* View */,
			);
			name = "Home(首页)";
			path = Home;
			sourceTree = "<group>";
		};
		E874E2001F552C72003A29B1 /* Order(订单) */ = {
			isa = PBXGroup;
			children = (
				EA1A75F8211C154D000BF3E2 /* Controller */,
				EA1A75F7211C154D000BF3E2 /* Model */,
				EA1A75FB211C154D000BF3E2 /* View */,
			);
			name = "Order(订单)";
			path = Order;
			sourceTree = "<group>";
		};
		E874E2011F552C72003A29B1 /* Me(我的) */ = {
			isa = PBXGroup;
			children = (
				EA1A763B211D2C61000BF3E2 /* Controller */,
				EA1A763A211D2C61000BF3E2 /* Model */,
				EA1A7639211D2C61000BF3E2 /* View */,
			);
			name = "Me(我的)";
			path = Me;
			sourceTree = "<group>";
		};
		E874E2021F552C72003A29B1 /* Near(附近) */ = {
			isa = PBXGroup;
			children = (
				EA9FAA5E212AA2A800A3C3BA /* Controller */,
				EA9FAA61212AA2A800A3C3BA /* Model */,
				EA9FAA5D212AA2A800A3C3BA /* View */,
			);
			name = "Near(附近)";
			path = Near;
			sourceTree = "<group>";
		};
		E874E2031F552C72003A29B1 /* Walk(逛一逛) */ = {
			isa = PBXGroup;
			children = (
				EA1A75C3211AF1AE000BF3E2 /* Controller */,
				EA1A75C7211AF1AF000BF3E2 /* Model */,
				EA1A75C2211AF1AE000BF3E2 /* View */,
			);
			name = "Walk(逛一逛)";
			path = Walk;
			sourceTree = "<group>";
		};
		E874E2161F557E95003A29B1 /* Controller */ = {
			isa = PBXGroup;
			children = (
				E874E2181F557EC9003A29B1 /* JFHomeViewController.swift */,
			);
			path = Controller;
			sourceTree = "<group>";
		};
		E874E2171F557E95003A29B1 /* View */ = {
			isa = PBXGroup;
			children = (
				E81B50FE1F692A8F002EA405 /* JFHomeTotalCassCell.swift */,
				E81B51001F692AF1002EA405 /* JFHomeActivityCell.swift */,
				E81B51021F692B36002EA405 /* JFHomeTipCell.swift */,
				E81B51061F692E74002EA405 /* JFAdvertisingCell.swift */,
				E81B51081F692F06002EA405 /* JFHomeLuckyDrawCell.swift */,
				EA9D49F2210B136E00ED4760 /* JFHomeNormalCell.swift */,
				EA9D49F3210B136E00ED4760 /* JFHomeNormalCell.xib */,
				EA9FC5D2211D70BE0053A56B /* JFHomeActiveCell.swift */,
				EA9FC5D3211D70BE0053A56B /* JFHomeActiveCell.xib */,
				EA9FC5D6211D7A670053A56B /* JFHomeFeaturesCell.swift */,
				EA9FC5D7211D7A670053A56B /* JFHomeFeaturesCell.xib */,
				EA9FC5DA212117D50053A56B /* JFHomeTopCategoryCell.swift */,
				EA9FC5DB212117D50053A56B /* JFHomeTopCategoryCell.xib */,
				EA9FC5DE212118910053A56B /* JFHomeTopCategoryCollectionCell.swift */,
				EA9FC5DF212118910053A56B /* JFHomeTopCategoryCollectionCell.xib */,
				EA9FC5E2212122A90053A56B /* JFHomeClassCell.swift */,
				EA9FC5E3212122A90053A56B /* JFHomeClassCell.xib */,
				EA9FC5E6212122CA0053A56B /* JFClassCollectionCell.swift */,
				EA9FC5E7212122CA0053A56B /* JFClassCollectionCell.xib */,
			);
			path = View;
			sourceTree = "<group>";
		};
		E874E21E1F567D42003A29B1 /* JFStyle */ = {
			isa = PBXGroup;
			children = (
				E874ECFF1F5D2AA5003A29B1 /* JFStyle.swift */,
			);
			path = JFStyle;
			sourceTree = "<group>";
		};
		E874E21F1F56A0DA003A29B1 /* JFModel */ = {
			isa = PBXGroup;
			children = (
				E874E2201F56A124003A29B1 /* JFMeListCellModel.swift */,
				E874ED011F5D5703003A29B1 /* JFMeInfoModel.swift */,
				E874ED031F5D5F54003A29B1 /* JFMeModel.swift */,
				EA9FC6482125162B0053A56B /* JFCommonModel.swift */,
			);
			path = JFModel;
			sourceTree = "<group>";
		};
		E8CF74C11FB19C6F00FE8F17 /* JFConst */ = {
			isa = PBXGroup;
			children = (
				EAD1BD0D21084DF400309E86 /* JFNoticeConst.swift */,
				EAD1BD0F21084F9F00309E86 /* JFMacroConst.swift */,
				EA1A75ED211BCA6E000BF3E2 /* JFUrlConst.swift */,
				EA9FC5EA21214B950053A56B /* JFLog.swift */,
				EA9FC64621250F7F0053A56B /* JFEnum.swift */,
			);
			path = JFConst;
			sourceTree = "<group>";
		};
		EA1A0151212E41C500255489 /* GuidePageTest */ = {
			isa = PBXGroup;
			children = (
				EA1A0152212E422900255489 /* JFGuidePageTestViewController.swift */,
				EA1A0153212E422900255489 /* JFGuidePageTestViewController.xib */,
			);
			path = GuidePageTest;
			sourceTree = "<group>";
		};
		EA1A0156212E4D3A00255489 /* PassValue */ = {
			isa = PBXGroup;
			children = (
				EA1A0157212E4D3A00255489 /* JFSendValueViewController.xib */,
				EA1A0158212E4D3A00255489 /* JFSendSingleton.swift */,
				EA1A0159212E4D3A00255489 /* JFSendValueViewController.swift */,
				EA1A015A212E4D3A00255489 /* JFReceiveValueViewController.xib */,
				EA1A015B212E4D3A00255489 /* JFReceiveValueViewController.swift */,
			);
			path = PassValue;
			sourceTree = "<group>";
		};
		EA1A0161212E4DA100255489 /* CarouseTest */ = {
			isa = PBXGroup;
			children = (
				EA1A0162212E4DA100255489 /* JFTestCarouseViewController.swift */,
				EA1A0163212E4DA100255489 /* JFTestCarouseViewController.xib */,
			);
			path = CarouseTest;
			sourceTree = "<group>";
		};
		EA1A0166212E4F4100255489 /* ModularTableView */ = {
			isa = PBXGroup;
			children = (
				EA1A01AF2130011F00255489 /* Test */,
				EA1A0168212E7BF900255489 /* Controller */,
				EA1A0167212E7BF800255489 /* Model */,
				EA1A0169212E7BF900255489 /* View */,
			);
			path = ModularTableView;
			sourceTree = "<group>";
		};
		EA1A0167212E7BF800255489 /* Model */ = {
			isa = PBXGroup;
			children = (
				EA1A0174212E7F5F00255489 /* ModularModel.swift */,
			);
			path = Model;
			sourceTree = "<group>";
		};
		EA1A0168212E7BF900255489 /* Controller */ = {
			isa = PBXGroup;
			children = (
				EA1A016A212E7C4800255489 /* JFModularTableViewController.swift */,
				EA1A016B212E7C4800255489 /* JFModularTableViewController.xib */,
			);
			path = Controller;
			sourceTree = "<group>";
		};
		EA1A0169212E7BF900255489 /* View */ = {
			isa = PBXGroup;
			children = (
				EA1A01AD212FF96D00255489 /* JFModularTestCell.swift */,
				EA1A0176212EB34900255489 /* JFImageTestCell.swift */,
				EA1A0178212F909B00255489 /* JFSildeTestCell.swift */,
				EA1A017A212F90ED00255489 /* JFSelectTestCell.swift */,
				EA1A01C12130072F00255489 /* test.xib */,
			);
			path = View;
			sourceTree = "<group>";
		};
		EA1A017C212FA2B800255489 /* MVVM */ = {
			isa = PBXGroup;
			children = (
				EA1A017D212FA2B800255489 /* ViewModel */,
				EA1A017E212FA2B800255489 /* Model */,
				EA1A017F212FA2B800255489 /* View */,
			);
			path = MVVM;
			sourceTree = "<group>";
		};
		EA1A017D212FA2B800255489 /* ViewModel */ = {
			isa = PBXGroup;
			children = (
			);
			path = ViewModel;
			sourceTree = "<group>";
		};
		EA1A017E212FA2B800255489 /* Model */ = {
			isa = PBXGroup;
			children = (
			);
			path = Model;
			sourceTree = "<group>";
		};
		EA1A017F212FA2B800255489 /* View */ = {
			isa = PBXGroup;
			children = (
			);
			path = View;
			sourceTree = "<group>";
		};
		EA1A01AF2130011F00255489 /* Test */ = {
			isa = PBXGroup;
			children = (
				5AB98BA2213146280070C5D6 /* Cell */,
				EA1A01BB2130014200255489 /* TableNode.swift */,
				EA1A01BD2130019900255489 /* PushedCtr.swift */,
				EA1A01BF213001BD00255489 /* JFTestVC.swift */,
			);
			path = Test;
			sourceTree = "<group>";
		};
		EA1A01C321338AB800255489 /* JFVideoPlayer */ = {
			isa = PBXGroup;
			children = (
				EA1A01C621338C1500255489 /* JFVideoPlayerViewController.swift */,
			);
			path = JFVideoPlayer;
			sourceTree = "<group>";
		};
		EA1A01C82133CCA600255489 /* Controller */ = {
			isa = PBXGroup;
			children = (
				EA1A01CA2133CCA600255489 /* JFSelectCityViewController.swift */,
				EA1A01CF2133CD8400255489 /* JFDomesticViewController.swift */,
				EA1A01D02133CD8400255489 /* JFDomesticViewController.xib */,
				EA1A01D32133CD9C00255489 /* JFInternationalViewController.swift */,
				EA1A01D42133CD9C00255489 /* JFInternationalViewController.xib */,
			);
			path = Controller;
			sourceTree = "<group>";
		};
		EA1A01CB2133CCA600255489 /* Model */ = {
			isa = PBXGroup;
			children = (
			);
			path = Model;
			sourceTree = "<group>";
		};
		EA1A01CC2133CCA700255489 /* View */ = {
			isa = PBXGroup;
			children = (
			);
			path = View;
			sourceTree = "<group>";
		};
		EA1A75C2211AF1AE000BF3E2 /* View */ = {
			isa = PBXGroup;
			children = (
				EA1A75CB211AF260000BF3E2 /* JFWeakNormalCell.swift */,
				EA1A75CC211AF260000BF3E2 /* JFWeakNormalCell.xib */,
				EA1A75EF211BECCC000BF3E2 /* JFWalkVideoCell.swift */,
				EA1A75F0211BECCC000BF3E2 /* JFWalkVideoCell.xib */,
			);
			path = View;
			sourceTree = "<group>";
		};
		EA1A75C3211AF1AE000BF3E2 /* Controller */ = {
			isa = PBXGroup;
			children = (
				EA1A75C4211AF1AE000BF3E2 /* JFWalkChildViewController.swift */,
				EA1A75C5211AF1AE000BF3E2 /* JFwalkViewController.swift */,
				EA1A75C6211AF1AE000BF3E2 /* JFWalkChildViewController.xib */,
			);
			path = Controller;
			sourceTree = "<group>";
		};
		EA1A75C7211AF1AF000BF3E2 /* Model */ = {
			isa = PBXGroup;
			children = (
			);
			path = Model;
			sourceTree = "<group>";
		};
		EA1A75F7211C154D000BF3E2 /* Model */ = {
			isa = PBXGroup;
			children = (
			);
			path = Model;
			sourceTree = "<group>";
		};
		EA1A75F8211C154D000BF3E2 /* Controller */ = {
			isa = PBXGroup;
			children = (
				EA1A75F9211C154D000BF3E2 /* JFOrderViewController.swift */,
				EA1A75FA211C154D000BF3E2 /* JFOrderViewController.xib */,
			);
			path = Controller;
			sourceTree = "<group>";
		};
		EA1A75FB211C154D000BF3E2 /* View */ = {
			isa = PBXGroup;
			children = (
				EA1A75FE211C15A8000BF3E2 /* JFOrderTopCategoryCell.swift */,
				EA1A75FF211C15A8000BF3E2 /* JFOrderTopCategoryCell.xib */,
				EA1A7602211C19CC000BF3E2 /* JFRecentOrderCell.swift */,
				EA1A7603211C19CC000BF3E2 /* JFRecentOrderCell.xib */,
				EA1A7606211C1C8C000BF3E2 /* JFRecentSubOrderCell.swift */,
				EA1A7607211C1C8C000BF3E2 /* JFRecentSubOrderCell.xib */,
				EA1A760A211C3861000BF3E2 /* JFRecentViewOrderCell.swift */,
				EA1A760B211C3861000BF3E2 /* JFRecentViewOrderCell.xib */,
				EA1A7612211C391E000BF3E2 /* JFNormalOrderCell.swift */,
				EA1A7613211C391E000BF3E2 /* JFNormalOrderCell.xib */,
			);
			path = View;
			sourceTree = "<group>";
		};
		EA1A7616211C48E6000BF3E2 /* NetWork */ = {
			isa = PBXGroup;
			children = (
				EA1A7619211C4924000BF3E2 /* JFBaseNetwork.swift */,
			);
			path = NetWork;
			sourceTree = "<group>";
		};
		EA1A7639211D2C61000BF3E2 /* View */ = {
			isa = PBXGroup;
			children = (
				EA9FC5CD211D690C0053A56B /* JFMineCell.swift */,
				EA9FC5CA211D690C0053A56B /* JFMineCell.xib */,
				EA9FC5CB211D690C0053A56B /* JFMineCollectionCell.swift */,
				EA9FC5CC211D690C0053A56B /* JFMineCollectionCell.xib */,
				EA1A7642211D3961000BF3E2 /* JFMineTopCategoryCell.swift */,
				EA1A7643211D3961000BF3E2 /* JFMineTopCategoryCell.xib */,
				EA1A7646211D40AE000BF3E2 /* JFMineActiveCell.swift */,
				EA1A7647211D40AE000BF3E2 /* JFMineActiveCell.xib */,
				EA1A764A211D58DA000BF3E2 /* JFMineAcconutCell.swift */,
				EA1A764B211D58DA000BF3E2 /* JFMineAcconutCell.xib */,
			);
			path = View;
			sourceTree = "<group>";
		};
		EA1A763A211D2C61000BF3E2 /* Model */ = {
			isa = PBXGroup;
			children = (
			);
			path = Model;
			sourceTree = "<group>";
		};
		EA1A763B211D2C61000BF3E2 /* Controller */ = {
			isa = PBXGroup;
			children = (
				EA1A763C211D2C61000BF3E2 /* JFMineViewController.swift */,
				EA1A763D211D2C61000BF3E2 /* JFMeViewController.swift */,
				EA1A763E211D2C61000BF3E2 /* JFMineViewController.xib */,
			);
			path = Controller;
			sourceTree = "<group>";
		};
		EA9D49EF210B122000ED4760 /* Model */ = {
			isa = PBXGroup;
			children = (
				EA9D49F0210B127600ED4760 /* JFHomeConmonModel.swift */,
			);
			path = Model;
			sourceTree = "<group>";
		};
		EA9FAA3F212A5B2900A3C3BA /* BasicKnowledge */ = {
			isa = PBXGroup;
			children = (
				EA1A017C212FA2B800255489 /* MVVM */,
				EA1A0166212E4F4100255489 /* ModularTableView */,
				EA1A0161212E4DA100255489 /* CarouseTest */,
				EA1A0156212E4D3A00255489 /* PassValue */,
				EA1A0151212E41C500255489 /* GuidePageTest */,
				EA9FAA40212A5B2900A3C3BA /* JFBasicKnowledgeListViewController.swift */,
				EA9FAA42212A5B2A00A3C3BA /* PageMenu */,
				EA9FAA4B212A5B2A00A3C3BA /* JFBasicKnowledgeListViewController.xib */,
			);
			path = BasicKnowledge;
			sourceTree = "<group>";
		};
		EA9FAA42212A5B2A00A3C3BA /* PageMenu */ = {
			isa = PBXGroup;
			children = (
				EA9FAA43212A5B2A00A3C3BA /* JFPageMenuViewController.swift */,
				EA9FAA44212A5B2A00A3C3BA /* JFPageChildFirstViewController.swift */,
				EA9FAA45212A5B2A00A3C3BA /* JFPageChildSecondViewController.xib */,
				EA9FAA46212A5B2A00A3C3BA /* JFPageChildSecondViewController.swift */,
				EA9FAA47212A5B2A00A3C3BA /* JFPageChildFirstViewController.xib */,
			);
			path = PageMenu;
			sourceTree = "<group>";
		};
		EA9FAA5D212AA2A800A3C3BA /* View */ = {
			isa = PBXGroup;
			children = (
				EA9FAA64212AA32E00A3C3BA /* JFNearClassHearderView.swift */,
				EA9FAA66212AA33F00A3C3BA /* JFNearClassHearderView.xib */,
			);
			path = View;
			sourceTree = "<group>";
		};
		EA9FAA5E212AA2A800A3C3BA /* Controller */ = {
			isa = PBXGroup;
			children = (
				EA9FAA5F212AA2A800A3C3BA /* JFNearViewController.xib */,
				EA9FAA60212AA2A800A3C3BA /* JFNearViewController.swift */,
			);
			path = Controller;
			sourceTree = "<group>";
		};
		EA9FAA61212AA2A800A3C3BA /* Model */ = {
			isa = PBXGroup;
			children = (
				EA9FAA6C212AC6F100A3C3BA /* JFNearModel.swift */,
			);
			path = Model;
			sourceTree = "<group>";
		};
		EA9FAA6E212BB60500A3C3BA /* JFGuidePage */ = {
			isa = PBXGroup;
			children = (
				EA9FAA71212BB9AE00A3C3BA /* Resouce */,
				EA9FAA6F212BB69F00A3C3BA /* JFGuidePageView.swift */,
			);
			path = JFGuidePage;
			sourceTree = "<group>";
		};
		EA9FAA71212BB9AE00A3C3BA /* Resouce */ = {
			isa = PBXGroup;
			children = (
				EA9FAA79212BDFAF00A3C3BA /* guide_btn_bg@2x.png */,
				EA9FAA76212BDFAF00A3C3BA /* guideImage6.gif */,
				EA9FAA77212BDFAF00A3C3BA /* guideImage7.gif */,
				EA9FAA74212BDFAE00A3C3BA /* guideImage8.gif */,
				EA9FAA78212BDFAF00A3C3BA /* lead01.png */,
				EA9FAA75212BDFAF00A3C3BA /* lead02.png */,
				EA9FAA7A212BDFAF00A3C3BA /* lead03.png */,
				EA9FAA72212BB9AE00A3C3BA /* qidong.mp4 */,
			);
			path = Resouce;
			sourceTree = "<group>";
		};
		EA9FC60621229C830053A56B /* JFCarouselView */ = {
			isa = PBXGroup;
			children = (
				EA9FC60721229C830053A56B /* JFCarouselCollectionCell.swift */,
				EA9FC60821229C830053A56B /* JFCarouseCell.swift */,
				EA9FC60921229C830053A56B /* JFCarouselView.swift */,
				EA9FC60A21229C830053A56B /* JFCarouselView.xib */,
				EA9FC60B21229C830053A56B /* JFCarouseCell.xib */,
				EA9FC60C21229C830053A56B /* JFCarouselCollectionCell.xib */,
			);
			path = JFCarouselView;
			sourceTree = "<group>";
		};
		EA9FC6132122A6780053A56B /* Resource */ = {
			isa = PBXGroup;
			children = (
				EA9FC6142122A6780053A56B /* Order */,
				EA9FC6162122A6780053A56B /* Home */,
				EA9FC6182122A6780053A56B /* Public */,
				EA9FC61A2122A6780053A56B /* Mine */,
				EA9FC61C2122A6780053A56B /* Near */,
				EA9FC61E2122A6780053A56B /* Find */,
			);
			path = Resource;
			sourceTree = "<group>";
		};
		EA9FC6142122A6780053A56B /* Order */ = {
			isa = PBXGroup;
			children = (
				EA9FC6152122A6780053A56B /* order.json */,
			);
			path = Order;
			sourceTree = "<group>";
		};
		EA9FC6162122A6780053A56B /* Home */ = {
			isa = PBXGroup;
			children = (
				5AB98BAD21315D480070C5D6 /* homeTopCategoryCell.json */,
				EA7D6BF9212574BB009947F2 /* home.json */,
				EA7D6BF72125733B009947F2 /* tabbar.json */,
				5AB98BAF21316A0B0070C5D6 /* homeClass.json */,
				5AB98BB42132BA790070C5D6 /* homeNormal.json */,
			);
			path = Home;
			sourceTree = "<group>";
		};
		EA9FC6182122A6780053A56B /* Public */ = {
			isa = PBXGroup;
			children = (
				EA9FC6192122A6780053A56B /* main.json */,
			);
			path = Public;
			sourceTree = "<group>";
		};
		EA9FC61A2122A6780053A56B /* Mine */ = {
			isa = PBXGroup;
			children = (
				EA7D6BF521256F22009947F2 /* mineService.json */,
				EA9FC61B2122A6780053A56B /* mine.json */,
			);
			path = Mine;
			sourceTree = "<group>";
		};
		EA9FC61C2122A6780053A56B /* Near */ = {
			isa = PBXGroup;
			children = (
				5A4D4846212B0478000E5D22 /* nearAll.json */,
				5A4D4849212B0478000E5D22 /* nearFood.json */,
				5A4D484A212B0478000E5D22 /* nearHotel.json */,
				5A4D4847212B0478000E5D22 /* nearLive.json */,
				5A4D4848212B0478000E5D22 /* nearPlay.json */,
				EA9FAA68212AC3A900A3C3BA /* near.json */,
			);
			path = Near;
			sourceTree = "<group>";
		};
		EA9FC61E2122A6780053A56B /* Find */ = {
			isa = PBXGroup;
			children = (
				EA9FC61F2122A6780053A56B /* find.json */,
			);
			path = Find;
			sourceTree = "<group>";
		};
		EA9FC6262122CC1C0053A56B /* JFSearchController */ = {
			isa = PBXGroup;
			children = (
				EA9FC63F2124132E0053A56B /* JFSearchResultViewController.swift */,
				EA9FC6402124132E0053A56B /* JFSearchResultViewController.xib */,
			);
			path = JFSearchController;
			sourceTree = "<group>";
		};
		EA9FC64321242F280053A56B /* WebView */ = {
			isa = PBXGroup;
			children = (
				EA9FC64421242F280053A56B /* JFWebViewController.swift */,
			);
			path = WebView;
			sourceTree = "<group>";
		};
/* End PBXGroup section */

/* Begin PBXNativeTarget section */
		E874E1B01F4E91BA003A29B1 /* JFMeiTuan_Swift */ = {
			isa = PBXNativeTarget;
			buildConfigurationList = E874E1C31F4E91BA003A29B1 /* Build configuration list for PBXNativeTarget "JFMeiTuan_Swift" */;
			buildPhases = (
				A3E73EBC6F1DBE788245F875 /* [CP] Check Pods Manifest.lock */,
				E874E1AD1F4E91BA003A29B1 /* Sources */,
				E874E1AE1F4E91BA003A29B1 /* Frameworks */,
				E874E1AF1F4E91BA003A29B1 /* Resources */,
				EE6FCD4CE0913A802AE8AA72 /* [CP] Embed Pods Frameworks */,
			);
			buildRules = (
			);
			dependencies = (
			);
			name = JFMeiTuan_Swift;
			productName = JFMeiTuan_Swift;
			productReference = E874E1B11F4E91BA003A29B1 /* JFMeiTuan_Swift.app */;
			productType = "com.apple.product-type.application";
		};
/* End PBXNativeTarget section */

/* Begin PBXProject section */
		E874E1A91F4E91BA003A29B1 /* Project object */ = {
			isa = PBXProject;
			attributes = {
				CLASSPREFIX = JF;
				LastSwiftUpdateCheck = 0830;
				LastUpgradeCheck = 0930;
				ORGANIZATIONNAME = linjianfang;
				TargetAttributes = {
					E874E1B01F4E91BA003A29B1 = {
						CreatedOnToolsVersion = 8.3.3;
						DevelopmentTeam = SSYQJAL3V2;
						ProvisioningStyle = Automatic;
					};
				};
			};
			buildConfigurationList = E874E1AC1F4E91BA003A29B1 /* Build configuration list for PBXProject "JFMeiTuan_Swift" */;
			compatibilityVersion = "Xcode 3.2";
			developmentRegion = English;
			hasScannedForEncodings = 0;
			knownRegions = (
				en,
				Base,
			);
			mainGroup = E874E1A81F4E91BA003A29B1;
			productRefGroup = E874E1B21F4E91BA003A29B1 /* Products */;
			projectDirPath = "";
			projectRoot = "";
			targets = (
				E874E1B01F4E91BA003A29B1 /* JFMeiTuan_Swift */,
			);
		};
/* End PBXProject section */

/* Begin PBXResourcesBuildPhase section */
		E874E1AF1F4E91BA003A29B1 /* Resources */ = {
			isa = PBXResourcesBuildPhase;
			buildActionMask = 2147483647;
			files = (
				EA1A0165212E4DA100255489 /* JFTestCarouseViewController.xib in Resources */,
				5A4D484D212B0478000E5D22 /* nearPlay.json in Resources */,
				EA1A7601211C15A8000BF3E2 /* JFOrderTopCategoryCell.xib in Resources */,
				EA9FC6422124132E0053A56B /* JFSearchResultViewController.xib in Resources */,
				5A4D484F212B0478000E5D22 /* nearHotel.json in Resources */,
				EA1A75F2211BECCC000BF3E2 /* JFWalkVideoCell.xib in Resources */,
				EA9FC61221229C830053A56B /* JFCarouselCollectionCell.xib in Resources */,
				EA9FAA73212BB9AE00A3C3BA /* qidong.mp4 in Resources */,
				EA1A7615211C391E000BF3E2 /* JFNormalOrderCell.xib in Resources */,
				EA1A0155212E422900255489 /* JFGuidePageTestViewController.xib in Resources */,
				EA7D6BFA212574BB009947F2 /* home.json in Resources */,
				EA1A7609211C1C8C000BF3E2 /* JFRecentSubOrderCell.xib in Resources */,
				EA9FAA62212AA2A800A3C3BA /* JFNearViewController.xib in Resources */,
				E874E1BF1F4E91BA003A29B1 /* LaunchScreen.storyboard in Resources */,
				EA9FAA53212A5B2A00A3C3BA /* JFPageChildSecondViewController.xib in Resources */,
				EA1A760D211C3861000BF3E2 /* JFRecentViewOrderCell.xib in Resources */,
				EA9FC61021229C830053A56B /* JFCarouselView.xib in Resources */,
				EA9FAA55212A5B2A00A3C3BA /* JFPageChildFirstViewController.xib in Resources */,
				EA9FAA7C212BDFAF00A3C3BA /* lead02.png in Resources */,
				5AB98BB52132BA790070C5D6 /* homeNormal.json in Resources */,
				EA1A015C212E4D3B00255489 /* JFSendValueViewController.xib in Resources */,
				5A4D484E212B0478000E5D22 /* nearFood.json in Resources */,
				5AB98BB021316A0B0070C5D6 /* homeClass.json in Resources */,
				EA1A764D211D58DB000BF3E2 /* JFMineAcconutCell.xib in Resources */,
				EA9FAA7B212BDFAF00A3C3BA /* guideImage8.gif in Resources */,
				EA9FC6252122A6780053A56B /* find.json in Resources */,
				5AB98BAC213146280070C5D6 /* TableCell.xib in Resources */,
				EA9D49F5210B136E00ED4760 /* JFHomeNormalCell.xib in Resources */,
				EA9FAA7D212BDFAF00A3C3BA /* guideImage6.gif in Resources */,
				EA9FAA59212A5B2A00A3C3BA /* JFBasicKnowledgeListViewController.xib in Resources */,
				EA7D6BF621256F22009947F2 /* mineService.json in Resources */,
				EA1A7649211D40AE000BF3E2 /* JFMineActiveCell.xib in Resources */,
				EA9FAA7F212BDFAF00A3C3BA /* lead01.png in Resources */,
				EA9FC5E5212122A90053A56B /* JFHomeClassCell.xib in Resources */,
				EA1A75FD211C154D000BF3E2 /* JFOrderViewController.xib in Resources */,
				EA1A01C22130072F00255489 /* test.xib in Resources */,
				EA1A75CA211AF1AF000BF3E2 /* JFWalkChildViewController.xib in Resources */,
				EA9FC5CE211D690C0053A56B /* JFMineCell.xib in Resources */,
				EA9FC6202122A6780053A56B /* order.json in Resources */,
				EA9FC6222122A6780053A56B /* main.json in Resources */,
				5AB98BAE21315D490070C5D6 /* homeTopCategoryCell.json in Resources */,
				EA1A016D212E7C4800255489 /* JFModularTableViewController.xib in Resources */,
				EA9FC5DD212117D50053A56B /* JFHomeTopCategoryCell.xib in Resources */,
				EA9FC61121229C830053A56B /* JFCarouseCell.xib in Resources */,
				EA1A7645211D3961000BF3E2 /* JFMineTopCategoryCell.xib in Resources */,
				EA9FAA67212AA33F00A3C3BA /* JFNearClassHearderView.xib in Resources */,
				EA1A01D22133CD8400255489 /* JFDomesticViewController.xib in Resources */,
				EA9FC5D5211D70BE0053A56B /* JFHomeActiveCell.xib in Resources */,
				5A4D484B212B0478000E5D22 /* nearAll.json in Resources */,
				EA9FAA81212BDFAF00A3C3BA /* lead03.png in Resources */,
				EA1A01D62133CD9C00255489 /* JFInternationalViewController.xib in Resources */,
				E874E1BC1F4E91BA003A29B1 /* Assets.xcassets in Resources */,
				EA1A7641211D2C61000BF3E2 /* JFMineViewController.xib in Resources */,
				EA9FC5E9212122CA0053A56B /* JFClassCollectionCell.xib in Resources */,
				EA9FC5D0211D690C0053A56B /* JFMineCollectionCell.xib in Resources */,
				EA9FC5E1212118910053A56B /* JFHomeTopCategoryCollectionCell.xib in Resources */,
				EA9FAA69212AC3A900A3C3BA /* near.json in Resources */,
				EA9FAA7E212BDFAF00A3C3BA /* guideImage7.gif in Resources */,
				EA1A7605211C19CC000BF3E2 /* JFRecentOrderCell.xib in Resources */,
				EA9FC5D9211D7A670053A56B /* JFHomeFeaturesCell.xib in Resources */,
				EA1A015F212E4D3B00255489 /* JFReceiveValueViewController.xib in Resources */,
				EA7D6BF82125733B009947F2 /* tabbar.json in Resources */,
				5A4D484C212B0478000E5D22 /* nearLive.json in Resources */,
				EA9FC6232122A6780053A56B /* mine.json in Resources */,
				EA1A75CE211AF260000BF3E2 /* JFWeakNormalCell.xib in Resources */,
				EA9FAA80212BDFAF00A3C3BA /* guide_btn_bg@2x.png in Resources */,
				E874E1BA1F4E91BA003A29B1 /* Main.storyboard in Resources */,
			);
			runOnlyForDeploymentPostprocessing = 0;
		};
/* End PBXResourcesBuildPhase section */

/* Begin PBXShellScriptBuildPhase section */
		A3E73EBC6F1DBE788245F875 /* [CP] Check Pods Manifest.lock */ = {
			isa = PBXShellScriptBuildPhase;
			buildActionMask = 2147483647;
			files = (
			);
			inputPaths = (
				"${PODS_PODFILE_DIR_PATH}/Podfile.lock",
				"${PODS_ROOT}/Manifest.lock",
			);
			name = "[CP] Check Pods Manifest.lock";
			outputPaths = (
				"$(DERIVED_FILE_DIR)/Pods-JFMeiTuan_Swift-checkManifestLockResult.txt",
			);
			runOnlyForDeploymentPostprocessing = 0;
			shellPath = /bin/sh;
			shellScript = "diff \"${PODS_PODFILE_DIR_PATH}/Podfile.lock\" \"${PODS_ROOT}/Manifest.lock\" > /dev/null\nif [ $? != 0 ] ; then\n    # print error to STDERR\n    echo \"error: The sandbox is not in sync with the Podfile.lock. Run 'pod install' or update your CocoaPods installation.\" >&2\n    exit 1\nfi\n# This output is used by Xcode 'outputs' to avoid re-running this script phase.\necho \"SUCCESS\" > \"${SCRIPT_OUTPUT_FILE_0}\"\n";
			showEnvVarsInLog = 0;
		};
		EE6FCD4CE0913A802AE8AA72 /* [CP] Embed Pods Frameworks */ = {
			isa = PBXShellScriptBuildPhase;
			buildActionMask = 2147483647;
			files = (
			);
			inputPaths = (
				"${SRCROOT}/Pods/Target Support Files/Pods-JFMeiTuan_Swift/Pods-JFMeiTuan_Swift-frameworks.sh",
				"${BUILT_PRODUCTS_DIR}/Alamofire/Alamofire.framework",
				"${BUILT_PRODUCTS_DIR}/IQKeyboardManagerSwift/IQKeyboardManagerSwift.framework",
				"${BUILT_PRODUCTS_DIR}/Kingfisher/Kingfisher.framework",
				"${BUILT_PRODUCTS_DIR}/NVActivityIndicatorView/NVActivityIndicatorView.framework",
				"${BUILT_PRODUCTS_DIR}/ObjectMapper/ObjectMapper.framework",
				"${BUILT_PRODUCTS_DIR}/PagingMenuController/PagingMenuController.framework",
				"${BUILT_PRODUCTS_DIR}/Player/Player.framework",
				"${BUILT_PRODUCTS_DIR}/SnapKit/SnapKit.framework",
				"${BUILT_PRODUCTS_DIR}/SwiftyGif/SwiftyGif.framework",
				"${BUILT_PRODUCTS_DIR}/SwiftyJSON/SwiftyJSON.framework",
				"${BUILT_PRODUCTS_DIR}/Toast-Swift/Toast_Swift.framework",
			);
			name = "[CP] Embed Pods Frameworks";
			outputPaths = (
				"${TARGET_BUILD_DIR}/${FRAMEWORKS_FOLDER_PATH}/Alamofire.framework",
				"${TARGET_BUILD_DIR}/${FRAMEWORKS_FOLDER_PATH}/IQKeyboardManagerSwift.framework",
				"${TARGET_BUILD_DIR}/${FRAMEWORKS_FOLDER_PATH}/Kingfisher.framework",
				"${TARGET_BUILD_DIR}/${FRAMEWORKS_FOLDER_PATH}/NVActivityIndicatorView.framework",
				"${TARGET_BUILD_DIR}/${FRAMEWORKS_FOLDER_PATH}/ObjectMapper.framework",
				"${TARGET_BUILD_DIR}/${FRAMEWORKS_FOLDER_PATH}/PagingMenuController.framework",
				"${TARGET_BUILD_DIR}/${FRAMEWORKS_FOLDER_PATH}/Player.framework",
				"${TARGET_BUILD_DIR}/${FRAMEWORKS_FOLDER_PATH}/SnapKit.framework",
				"${TARGET_BUILD_DIR}/${FRAMEWORKS_FOLDER_PATH}/SwiftyGif.framework",
				"${TARGET_BUILD_DIR}/${FRAMEWORKS_FOLDER_PATH}/SwiftyJSON.framework",
				"${TARGET_BUILD_DIR}/${FRAMEWORKS_FOLDER_PATH}/Toast_Swift.framework",
			);
			runOnlyForDeploymentPostprocessing = 0;
			shellPath = /bin/sh;
			shellScript = "\"${SRCROOT}/Pods/Target Support Files/Pods-JFMeiTuan_Swift/Pods-JFMeiTuan_Swift-frameworks.sh\"\n";
			showEnvVarsInLog = 0;
		};
/* End PBXShellScriptBuildPhase section */

/* Begin PBXSourcesBuildPhase section */
		E874E1AD1F4E91BA003A29B1 /* Sources */ = {
			isa = PBXSourcesBuildPhase;
			buildActionMask = 2147483647;
			files = (
				EA9D49F4210B136E00ED4760 /* JFHomeNormalCell.swift in Sources */,
				EA1A75CD211AF260000BF3E2 /* JFWeakNormalCell.swift in Sources */,
				E874E2081F552CAB003A29B1 /* JFBaseTabBarController.swift in Sources */,
				EA9D49F1210B127600ED4760 /* JFHomeConmonModel.swift in Sources */,
				5AB98BA9213146280070C5D6 /* DescriptionCell.swift in Sources */,
				EA9FAA65212AA32E00A3C3BA /* JFNearClassHearderView.swift in Sources */,
				E874E21B1F5676D7003A29B1 /* JFMeHeaderCell.swift in Sources */,
				5A1E05621F55A7F700C9DBA1 /* JFMeCell.swift in Sources */,
				E874E1B71F4E91BA003A29B1 /* ViewController.swift in Sources */,
				EA9FC5E4212122A90053A56B /* JFHomeClassCell.swift in Sources */,
				E874E2211F56A124003A29B1 /* JFMeListCellModel.swift in Sources */,
				EAD1BD0E21084DF400309E86 /* JFNoticeConst.swift in Sources */,
				EA9FC60F21229C830053A56B /* JFCarouselView.swift in Sources */,
				EA9FAA52212A5B2A00A3C3BA /* JFPageChildFirstViewController.swift in Sources */,
				EA9FC64721250F7F0053A56B /* JFEnum.swift in Sources */,
				EA1A760C211C3861000BF3E2 /* JFRecentViewOrderCell.swift in Sources */,
				EA1A01D12133CD8400255489 /* JFDomesticViewController.swift in Sources */,
				EA1A7648211D40AE000BF3E2 /* JFMineActiveCell.swift in Sources */,
				EA9FAA6D212AC6F100A3C3BA /* JFNearModel.swift in Sources */,
				E81B51071F692E74002EA405 /* JFAdvertisingCell.swift in Sources */,
				EA1A015E212E4D3B00255489 /* JFSendValueViewController.swift in Sources */,
				EA1A0179212F909B00255489 /* JFSildeTestCell.swift in Sources */,
				EA9FC6492125162B0053A56B /* JFCommonModel.swift in Sources */,
				EA1A016C212E7C4800255489 /* JFModularTableViewController.swift in Sources */,
				E81B51031F692B36002EA405 /* JFHomeTipCell.swift in Sources */,
				EA1A75FC211C154D000BF3E2 /* JFOrderViewController.swift in Sources */,
				EA9FC5D8211D7A670053A56B /* JFHomeFeaturesCell.swift in Sources */,
				E874ED041F5D5F54003A29B1 /* JFMeModel.swift in Sources */,
				EA1A761A211C4924000BF3E2 /* JFBaseNetwork.swift in Sources */,
				E874E2091F552CAB003A29B1 /* JFBaseViewController.swift in Sources */,
				EA1A01CE2133CCA700255489 /* JFSelectCityViewController.swift in Sources */,
				E81B51091F692F06002EA405 /* JFHomeLuckyDrawCell.swift in Sources */,
				EA1A0154212E422900255489 /* JFGuidePageTestViewController.swift in Sources */,
				EA1A7604211C19CC000BF3E2 /* JFRecentOrderCell.swift in Sources */,
				EA9FAA70212BB69F00A3C3BA /* JFGuidePageView.swift in Sources */,
				EA1A7600211C15A8000BF3E2 /* JFOrderTopCategoryCell.swift in Sources */,
				EA1A763F211D2C61000BF3E2 /* JFMineViewController.swift in Sources */,
				EA9FAA63212AA2A800A3C3BA /* JFNearViewController.swift in Sources */,
				5AB98BAB213146280070C5D6 /* RegularCell.swift in Sources */,
				5AB98BB321322ED50070C5D6 /* UIImage+JFExtension.swift in Sources */,
				EA1A0175212E7F5F00255489 /* ModularModel.swift in Sources */,
				EA1A0160212E4D3B00255489 /* JFReceiveValueViewController.swift in Sources */,
				EA9FC6412124132E0053A56B /* JFSearchResultViewController.swift in Sources */,
				EA9FC60D21229C830053A56B /* JFCarouselCollectionCell.swift in Sources */,
				EA9FC5EB21214B950053A56B /* JFLog.swift in Sources */,
				EA1A764C211D58DB000BF3E2 /* JFMineAcconutCell.swift in Sources */,
				E81B50FF1F692A8F002EA405 /* JFHomeTotalCassCell.swift in Sources */,
				EA1A0177212EB34900255489 /* JFImageTestCell.swift in Sources */,
				EA1A01BE2130019900255489 /* PushedCtr.swift in Sources */,
				EA1A75EE211BCA6E000BF3E2 /* JFUrlConst.swift in Sources */,
				E874ED021F5D5704003A29B1 /* JFMeInfoModel.swift in Sources */,
				EA9FC5D1211D690C0053A56B /* JFMineCell.swift in Sources */,
				EA1A75C9211AF1AF000BF3E2 /* JFwalkViewController.swift in Sources */,
				EA1A01C0213001BD00255489 /* JFTestVC.swift in Sources */,
				E874ED001F5D2AA5003A29B1 /* JFStyle.swift in Sources */,
				EA1A75C8211AF1AF000BF3E2 /* JFWalkChildViewController.swift in Sources */,
				EAD1BD1021084F9F00309E86 /* JFMacroConst.swift in Sources */,
				EA1A01AE212FF96D00255489 /* JFModularTestCell.swift in Sources */,
				EA9FC5E0212118910053A56B /* JFHomeTopCategoryCollectionCell.swift in Sources */,
				EA9FC5CF211D690C0053A56B /* JFMineCollectionCell.swift in Sources */,
				EA9FC5D4211D70BE0053A56B /* JFHomeActiveCell.swift in Sources */,
				E874ECF91F590F40003A29B1 /* JFButton.swift in Sources */,
				EA1A7644211D3961000BF3E2 /* JFMineTopCategoryCell.swift in Sources */,
				EA1A75F1211BECCC000BF3E2 /* JFWalkVideoCell.swift in Sources */,
				EA1A01D52133CD9C00255489 /* JFInternationalViewController.swift in Sources */,
				5AB98BA8213146280070C5D6 /* BlurCell.swift in Sources */,
				EA9FC64521242F280053A56B /* JFWebViewController.swift in Sources */,
				EA1A015D212E4D3B00255489 /* JFSendSingleton.swift in Sources */,
				EA1A7640211D2C61000BF3E2 /* JFMeViewController.swift in Sources */,
				E874E2071F552CAB003A29B1 /* JFBaseNacigationController.swift in Sources */,
				EA9FAA4F212A5B2A00A3C3BA /* JFBasicKnowledgeListViewController.swift in Sources */,
				EA9FC5DC212117D50053A56B /* JFHomeTopCategoryCell.swift in Sources */,
				EA1A0164212E4DA100255489 /* JFTestCarouseViewController.swift in Sources */,
				EA1A7614211C391E000BF3E2 /* JFNormalOrderCell.swift in Sources */,
				E874E21D1F567BD5003A29B1 /* JFListCell.swift in Sources */,
				E81B51011F692AF1002EA405 /* JFHomeActivityCell.swift in Sources */,
				EA9FAA51212A5B2A00A3C3BA /* JFPageMenuViewController.swift in Sources */,
				5AB98BAA213146280070C5D6 /* RangeCell.swift in Sources */,
				EA1A01C721338C1500255489 /* JFVideoPlayerViewController.swift in Sources */,
				EA1A01BC2130014200255489 /* TableNode.swift in Sources */,
				EA1A7608211C1C8C000BF3E2 /* JFRecentSubOrderCell.swift in Sources */,
				EA9FAA54212A5B2A00A3C3BA /* JFPageChildSecondViewController.swift in Sources */,
				EA9FC60E21229C830053A56B /* JFCarouseCell.swift in Sources */,
				E874E2191F557EC9003A29B1 /* JFHomeViewController.swift in Sources */,
				E874E1B51F4E91BA003A29B1 /* AppDelegate.swift in Sources */,
				EA9FC5E8212122CA0053A56B /* JFClassCollectionCell.swift in Sources */,
				EA1A017B212F90ED00255489 /* JFSelectTestCell.swift in Sources */,
			);
			runOnlyForDeploymentPostprocessing = 0;
		};
/* End PBXSourcesBuildPhase section */

/* Begin PBXVariantGroup section */
		E874E1B81F4E91BA003A29B1 /* Main.storyboard */ = {
			isa = PBXVariantGroup;
			children = (
				E874E1B91F4E91BA003A29B1 /* Base */,
			);
			name = Main.storyboard;
			sourceTree = "<group>";
		};
		E874E1BD1F4E91BA003A29B1 /* LaunchScreen.storyboard */ = {
			isa = PBXVariantGroup;
			children = (
				E874E1BE1F4E91BA003A29B1 /* Base */,
			);
			name = LaunchScreen.storyboard;
			sourceTree = "<group>";
		};
/* End PBXVariantGroup section */

/* Begin XCBuildConfiguration section */
		E874E1C11F4E91BA003A29B1 /* Debug */ = {
			isa = XCBuildConfiguration;
			buildSettings = {
				ALWAYS_SEARCH_USER_PATHS = NO;
				CLANG_ANALYZER_NONNULL = YES;
				CLANG_ANALYZER_NUMBER_OBJECT_CONVERSION = YES_AGGRESSIVE;
				CLANG_CXX_LANGUAGE_STANDARD = "gnu++0x";
				CLANG_CXX_LIBRARY = "libc++";
				CLANG_ENABLE_MODULES = YES;
				CLANG_ENABLE_OBJC_ARC = YES;
				CLANG_WARN_BLOCK_CAPTURE_AUTORELEASING = YES;
				CLANG_WARN_BOOL_CONVERSION = YES;
				CLANG_WARN_COMMA = YES;
				CLANG_WARN_CONSTANT_CONVERSION = YES;
				CLANG_WARN_DEPRECATED_OBJC_IMPLEMENTATIONS = YES;
				CLANG_WARN_DIRECT_OBJC_ISA_USAGE = YES_ERROR;
				CLANG_WARN_DOCUMENTATION_COMMENTS = YES;
				CLANG_WARN_EMPTY_BODY = YES;
				CLANG_WARN_ENUM_CONVERSION = YES;
				CLANG_WARN_INFINITE_RECURSION = YES;
				CLANG_WARN_INT_CONVERSION = YES;
				CLANG_WARN_NON_LITERAL_NULL_CONVERSION = YES;
				CLANG_WARN_OBJC_IMPLICIT_RETAIN_SELF = YES;
				CLANG_WARN_OBJC_LITERAL_CONVERSION = YES;
				CLANG_WARN_OBJC_ROOT_CLASS = YES_ERROR;
				CLANG_WARN_RANGE_LOOP_ANALYSIS = YES;
				CLANG_WARN_STRICT_PROTOTYPES = YES;
				CLANG_WARN_SUSPICIOUS_MOVE = YES;
				CLANG_WARN_UNREACHABLE_CODE = YES;
				CLANG_WARN__DUPLICATE_METHOD_MATCH = YES;
				"CODE_SIGN_IDENTITY[sdk=iphoneos*]" = "iPhone Developer";
				COPY_PHASE_STRIP = NO;
				DEBUG_INFORMATION_FORMAT = dwarf;
				ENABLE_STRICT_OBJC_MSGSEND = YES;
				ENABLE_TESTABILITY = YES;
				GCC_C_LANGUAGE_STANDARD = gnu99;
				GCC_DYNAMIC_NO_PIC = NO;
				GCC_NO_COMMON_BLOCKS = YES;
				GCC_OPTIMIZATION_LEVEL = 0;
				GCC_PREPROCESSOR_DEFINITIONS = (
					"DEBUG=1",
					"$(inherited)",
				);
				GCC_WARN_64_TO_32_BIT_CONVERSION = YES;
				GCC_WARN_ABOUT_RETURN_TYPE = YES_ERROR;
				GCC_WARN_UNDECLARED_SELECTOR = YES;
				GCC_WARN_UNINITIALIZED_AUTOS = YES_AGGRESSIVE;
				GCC_WARN_UNUSED_FUNCTION = YES;
				GCC_WARN_UNUSED_VARIABLE = YES;
				IPHONEOS_DEPLOYMENT_TARGET = 10.0;
				MTL_ENABLE_DEBUG_INFO = YES;
				ONLY_ACTIVE_ARCH = YES;
				SDKROOT = iphoneos;
				SWIFT_ACTIVE_COMPILATION_CONDITIONS = DEBUG;
				SWIFT_OPTIMIZATION_LEVEL = "-Onone";
				TARGETED_DEVICE_FAMILY = "1,2";
			};
			name = Debug;
		};
		E874E1C21F4E91BA003A29B1 /* Release */ = {
			isa = XCBuildConfiguration;
			buildSettings = {
				ALWAYS_SEARCH_USER_PATHS = NO;
				CLANG_ANALYZER_NONNULL = YES;
				CLANG_ANALYZER_NUMBER_OBJECT_CONVERSION = YES_AGGRESSIVE;
				CLANG_CXX_LANGUAGE_STANDARD = "gnu++0x";
				CLANG_CXX_LIBRARY = "libc++";
				CLANG_ENABLE_MODULES = YES;
				CLANG_ENABLE_OBJC_ARC = YES;
				CLANG_WARN_BLOCK_CAPTURE_AUTORELEASING = YES;
				CLANG_WARN_BOOL_CONVERSION = YES;
				CLANG_WARN_COMMA = YES;
				CLANG_WARN_CONSTANT_CONVERSION = YES;
				CLANG_WARN_DEPRECATED_OBJC_IMPLEMENTATIONS = YES;
				CLANG_WARN_DIRECT_OBJC_ISA_USAGE = YES_ERROR;
				CLANG_WARN_DOCUMENTATION_COMMENTS = YES;
				CLANG_WARN_EMPTY_BODY = YES;
				CLANG_WARN_ENUM_CONVERSION = YES;
				CLANG_WARN_INFINITE_RECURSION = YES;
				CLANG_WARN_INT_CONVERSION = YES;
				CLANG_WARN_NON_LITERAL_NULL_CONVERSION = YES;
				CLANG_WARN_OBJC_IMPLICIT_RETAIN_SELF = YES;
				CLANG_WARN_OBJC_LITERAL_CONVERSION = YES;
				CLANG_WARN_OBJC_ROOT_CLASS = YES_ERROR;
				CLANG_WARN_RANGE_LOOP_ANALYSIS = YES;
				CLANG_WARN_STRICT_PROTOTYPES = YES;
				CLANG_WARN_SUSPICIOUS_MOVE = YES;
				CLANG_WARN_UNREACHABLE_CODE = YES;
				CLANG_WARN__DUPLICATE_METHOD_MATCH = YES;
				"CODE_SIGN_IDENTITY[sdk=iphoneos*]" = "iPhone Developer";
				COPY_PHASE_STRIP = NO;
				DEBUG_INFORMATION_FORMAT = "dwarf-with-dsym";
				ENABLE_NS_ASSERTIONS = NO;
				ENABLE_STRICT_OBJC_MSGSEND = YES;
				GCC_C_LANGUAGE_STANDARD = gnu99;
				GCC_NO_COMMON_BLOCKS = YES;
				GCC_WARN_64_TO_32_BIT_CONVERSION = YES;
				GCC_WARN_ABOUT_RETURN_TYPE = YES_ERROR;
				GCC_WARN_UNDECLARED_SELECTOR = YES;
				GCC_WARN_UNINITIALIZED_AUTOS = YES_AGGRESSIVE;
				GCC_WARN_UNUSED_FUNCTION = YES;
				GCC_WARN_UNUSED_VARIABLE = YES;
				IPHONEOS_DEPLOYMENT_TARGET = 10.0;
				MTL_ENABLE_DEBUG_INFO = NO;
				SDKROOT = iphoneos;
				SWIFT_OPTIMIZATION_LEVEL = "-Owholemodule";
				TARGETED_DEVICE_FAMILY = "1,2";
				VALIDATE_PRODUCT = YES;
			};
			name = Release;
		};
		E874E1C41F4E91BA003A29B1 /* Debug */ = {
			isa = XCBuildConfiguration;
			baseConfigurationReference = 411576AF5F919FB3E220C49B /* Pods-JFMeiTuan_Swift.debug.xcconfig */;
			buildSettings = {
				ASSETCATALOG_COMPILER_APPICON_NAME = AppIcon;
				CODE_SIGN_IDENTITY = "iPhone Developer";
				CODE_SIGN_STYLE = Automatic;
				DEVELOPMENT_TEAM = SSYQJAL3V2;
				INFOPLIST_FILE = JFMeiTuan_Swift/Info.plist;
				LD_RUNPATH_SEARCH_PATHS = "$(inherited) @executable_path/Frameworks";
				PRODUCT_BUNDLE_IDENTIFIER = "JF.JFMeiTuan-Swift";
				PRODUCT_NAME = "$(TARGET_NAME)";
				PROVISIONING_PROFILE_SPECIFIER = "";
				SWIFT_VERSION = 3.0;
			};
			name = Debug;
		};
		E874E1C51F4E91BA003A29B1 /* Release */ = {
			isa = XCBuildConfiguration;
			baseConfigurationReference = 6E9186FE1D2CDDA80244D864 /* Pods-JFMeiTuan_Swift.release.xcconfig */;
			buildSettings = {
				ASSETCATALOG_COMPILER_APPICON_NAME = AppIcon;
				CODE_SIGN_IDENTITY = "iPhone Developer";
				CODE_SIGN_STYLE = Automatic;
				DEVELOPMENT_TEAM = SSYQJAL3V2;
				INFOPLIST_FILE = JFMeiTuan_Swift/Info.plist;
				LD_RUNPATH_SEARCH_PATHS = "$(inherited) @executable_path/Frameworks";
				PRODUCT_BUNDLE_IDENTIFIER = "JF.JFMeiTuan-Swift";
				PRODUCT_NAME = "$(TARGET_NAME)";
				PROVISIONING_PROFILE_SPECIFIER = "";
				SWIFT_VERSION = 3.0;
			};
			name = Release;
		};
/* End XCBuildConfiguration section */

/* Begin XCConfigurationList section */
		E874E1AC1F4E91BA003A29B1 /* Build configuration list for PBXProject "JFMeiTuan_Swift" */ = {
			isa = XCConfigurationList;
			buildConfigurations = (
				E874E1C11F4E91BA003A29B1 /* Debug */,
				E874E1C21F4E91BA003A29B1 /* Release */,
			);
			defaultConfigurationIsVisible = 0;
			defaultConfigurationName = Release;
		};
		E874E1C31F4E91BA003A29B1 /* Build configuration list for PBXNativeTarget "JFMeiTuan_Swift" */ = {
			isa = XCConfigurationList;
			buildConfigurations = (
				E874E1C41F4E91BA003A29B1 /* Debug */,
				E874E1C51F4E91BA003A29B1 /* Release */,
			);
			defaultConfigurationIsVisible = 0;
			defaultConfigurationName = Release;
		};
/* End XCConfigurationList section */
	};
	rootObject = E874E1A91F4E91BA003A29B1 /* Project object */;
}
